// !$*UTF8*$!
{
	archiveVersion = 1;
	classes = {
	};
	objectVersion = 46;
	objects = {

/* Begin PBXBuildFile section */
		524E10411B33747D00AF62C4 /* adler32.c in Sources */ = {isa = PBXBuildFile; fileRef = 524E0FEC1B33747D00AF62C4 /* adler32.c */; };
		524E10421B33747D00AF62C4 /* crc32.c in Sources */ = {isa = PBXBuildFile; fileRef = 524E0FED1B33747D00AF62C4 /* crc32.c */; };
		524E10431B33747D00AF62C4 /* inffast.c in Sources */ = {isa = PBXBuildFile; fileRef = 524E0FF01B33747D00AF62C4 /* inffast.c */; };
		524E10441B33747D00AF62C4 /* inflate.c in Sources */ = {isa = PBXBuildFile; fileRef = 524E0FF31B33747D00AF62C4 /* inflate.c */; };
		524E10451B33747D00AF62C4 /* inftrees.c in Sources */ = {isa = PBXBuildFile; fileRef = 524E0FF51B33747D00AF62C4 /* inftrees.c */; };
		524E10461B33747D00AF62C4 /* zutil.c in Sources */ = {isa = PBXBuildFile; fileRef = 524E0FF91B33747D00AF62C4 /* zutil.c */; };
		524E10511B33757A00AF62C4 /* libpng16.16.dylib in Frameworks */ = {isa = PBXBuildFile; fileRef = 524E10501B33757A00AF62C4 /* libpng16.16.dylib */; };
		524E10521B33758A00AF62C4 /* libpng16.16.dylib in Copy libraries to to bundle */ = {isa = PBXBuildFile; fileRef = 524E10501B33757A00AF62C4 /* libpng16.16.dylib */; settings = {ATTRIBUTES = (CodeSignOnCopy, ); }; };
		524E12131B33768400AF62C4 /* data in Resources */ = {isa = PBXBuildFile; fileRef = 524E12121B33768400AF62C4 /* data */; };
		5268D6AE1BA0A38E00399464 /* AABB.cpp in Sources */ = {isa = PBXBuildFile; fileRef = 5268D6821BA0A38E00399464 /* AABB.cpp */; };
		5268D6AF1BA0A38E00399464 /* Animation.cpp in Sources */ = {isa = PBXBuildFile; fileRef = 5268D6831BA0A38E00399464 /* Animation.cpp */; };
		5268D6B01BA0A38E00399464 /* Audio.cpp in Sources */ = {isa = PBXBuildFile; fileRef = 5268D6841BA0A38E00399464 /* Audio.cpp */; };
		5268D6B11BA0A38E00399464 /* AudioNull.cpp in Sources */ = {isa = PBXBuildFile; fileRef = 5268D6851BA0A38E00399464 /* AudioNull.cpp */; };
		5268D6B21BA0A38E00399464 /* AudioSDL.cpp in Sources */ = {isa = PBXBuildFile; fileRef = 5268D6861BA0A38E00399464 /* AudioSDL.cpp */; };
		5268D6B31BA0A38E00399464 /* Background.cpp in Sources */ = {isa = PBXBuildFile; fileRef = 5268D6871BA0A38E00399464 /* Background.cpp */; };
		5268D6B41BA0A38E00399464 /* Characterset.cpp in Sources */ = {isa = PBXBuildFile; fileRef = 5268D6881BA0A38E00399464 /* Characterset.cpp */; };
		5268D6B51BA0A38E00399464 /* Configuration.cpp in Sources */ = {isa = PBXBuildFile; fileRef = 5268D6891BA0A38E00399464 /* Configuration.cpp */; };
		5268D6B61BA0A38E00399464 /* Directory.cpp in Sources */ = {isa = PBXBuildFile; fileRef = 5268D68A1BA0A38E00399464 /* Directory.cpp */; };
		5268D6B71BA0A38E00399464 /* Exception.cpp in Sources */ = {isa = PBXBuildFile; fileRef = 5268D68B1BA0A38E00399464 /* Exception.cpp */; };
		5268D6B81BA0A38E00399464 /* Font.cpp in Sources */ = {isa = PBXBuildFile; fileRef = 5268D68C1BA0A38E00399464 /* Font.cpp */; };
		5268D6B91BA0A38E00399464 /* Globals.cpp in Sources */ = {isa = PBXBuildFile; fileRef = 5268D68D1BA0A38E00399464 /* Globals.cpp */; };
		5268D6BA1BA0A38E00399464 /* Gui.cpp in Sources */ = {isa = PBXBuildFile; fileRef = 5268D68E1BA0A38E00399464 /* Gui.cpp */; };
		5268D6BB1BA0A38E00399464 /* GuiObject.cpp in Sources */ = {isa = PBXBuildFile; fileRef = 5268D68F1BA0A38E00399464 /* GuiObject.cpp */; };
		5268D6BC1BA0A38E00399464 /* Icon.cpp in Sources */ = {isa = PBXBuildFile; fileRef = 5268D6901BA0A38E00399464 /* Icon.cpp */; };
		5268D6BD1BA0A38E00399464 /* KeyValue.cpp in Sources */ = {isa = PBXBuildFile; fileRef = 5268D6911BA0A38E00399464 /* KeyValue.cpp */; };
		5268D6BE1BA0A38E00399464 /* Lightmap.cpp in Sources */ = {isa = PBXBuildFile; fileRef = 5268D6921BA0A38E00399464 /* Lightmap.cpp */; };
		5268D6BF1BA0A38E00399464 /* Map.cpp in Sources */ = {isa = PBXBuildFile; fileRef = 5268D6931BA0A38E00399464 /* Map.cpp */; };
		5268D6C01BA0A38E00399464 /* Movable.cpp in Sources */ = {isa = PBXBuildFile; fileRef = 5268D6941BA0A38E00399464 /* Movable.cpp */; };
		5268D6C11BA0A38E00399464 /* Music.cpp in Sources */ = {isa = PBXBuildFile; fileRef = 5268D6951BA0A38E00399464 /* Music.cpp */; };
		5268D6C21BA0A38E00399464 /* Mutex.cpp in Sources */ = {isa = PBXBuildFile; fileRef = 5268D6961BA0A38E00399464 /* Mutex.cpp */; };
		5268D6C31BA0A38E00399464 /* NPC.cpp in Sources */ = {isa = PBXBuildFile; fileRef = 5268D6971BA0A38E00399464 /* NPC.cpp */; };
		5268D6C41BA0A38E00399464 /* Object.cpp in Sources */ = {isa = PBXBuildFile; fileRef = 5268D6981BA0A38E00399464 /* Object.cpp */; };
		5268D6C51BA0A38E00399464 /* PNG.cpp in Sources */ = {isa = PBXBuildFile; fileRef = 5268D6991BA0A38E00399464 /* PNG.cpp */; };
		5268D6C61BA0A38E00399464 /* Properties.cpp in Sources */ = {isa = PBXBuildFile; fileRef = 5268D69A1BA0A38E00399464 /* Properties.cpp */; };
		5268D6C71BA0A38E00399464 /* Resources.cpp in Sources */ = {isa = PBXBuildFile; fileRef = 5268D69B1BA0A38E00399464 /* Resources.cpp */; };
		5268D6C91BA0A38E00399464 /* Sound.cpp in Sources */ = {isa = PBXBuildFile; fileRef = 5268D69D1BA0A38E00399464 /* Sound.cpp */; };
		5268D6CA1BA0A38E00399464 /* Subsystem.cpp in Sources */ = {isa = PBXBuildFile; fileRef = 5268D69E1BA0A38E00399464 /* Subsystem.cpp */; };
		5268D6CB1BA0A38E00399464 /* SubsystemNull.cpp in Sources */ = {isa = PBXBuildFile; fileRef = 5268D69F1BA0A38E00399464 /* SubsystemNull.cpp */; };
		5268D6CC1BA0A38E00399464 /* SubsystemSDL.cpp in Sources */ = {isa = PBXBuildFile; fileRef = 5268D6A01BA0A38E00399464 /* SubsystemSDL.cpp */; };
		5268D6CD1BA0A38E00399464 /* TCPSocket.cpp in Sources */ = {isa = PBXBuildFile; fileRef = 5268D6A11BA0A38E00399464 /* TCPSocket.cpp */; };
		5268D6CE1BA0A38E00399464 /* Thread.cpp in Sources */ = {isa = PBXBuildFile; fileRef = 5268D6A21BA0A38E00399464 /* Thread.cpp */; };
		5268D6CF1BA0A38E00399464 /* Tile.cpp in Sources */ = {isa = PBXBuildFile; fileRef = 5268D6A31BA0A38E00399464 /* Tile.cpp */; };
		5268D6D01BA0A38E00399464 /* TileGraphic.cpp in Sources */ = {isa = PBXBuildFile; fileRef = 5268D6A41BA0A38E00399464 /* TileGraphic.cpp */; };
		5268D6D11BA0A38E00399464 /* TileGraphicGL.cpp in Sources */ = {isa = PBXBuildFile; fileRef = 5268D6A51BA0A38E00399464 /* TileGraphicGL.cpp */; };
		5268D6D21BA0A38E00399464 /* TileGraphicNull.cpp in Sources */ = {isa = PBXBuildFile; fileRef = 5268D6A61BA0A38E00399464 /* TileGraphicNull.cpp */; };
		5268D6D31BA0A38E00399464 /* Tileset.cpp in Sources */ = {isa = PBXBuildFile; fileRef = 5268D6A71BA0A38E00399464 /* Tileset.cpp */; };
		5268D6D41BA0A38E00399464 /* Timing.cpp in Sources */ = {isa = PBXBuildFile; fileRef = 5268D6A81BA0A38E00399464 /* Timing.cpp */; };
		5268D6D51BA0A38E00399464 /* UDPSocket.cpp in Sources */ = {isa = PBXBuildFile; fileRef = 5268D6A91BA0A38E00399464 /* UDPSocket.cpp */; };
		5268D6D61BA0A38E00399464 /* Utils.cpp in Sources */ = {isa = PBXBuildFile; fileRef = 5268D6AA1BA0A38E00399464 /* Utils.cpp */; };
		5268D6D71BA0A38E00399464 /* Zip.cpp in Sources */ = {isa = PBXBuildFile; fileRef = 5268D6AB1BA0A38E00399464 /* Zip.cpp */; };
		5268D6D81BA0A38E00399464 /* ZipReader.cpp in Sources */ = {isa = PBXBuildFile; fileRef = 5268D6AC1BA0A38E00399464 /* ZipReader.cpp */; };
		5268D6D91BA0A38E00399464 /* ZipWriter.cpp in Sources */ = {isa = PBXBuildFile; fileRef = 5268D6AD1BA0A38E00399464 /* ZipWriter.cpp */; };
		528B25E61B33584000849A91 /* Cocoa.framework in Frameworks */ = {isa = PBXBuildFile; fileRef = 528B25E51B33584000849A91 /* Cocoa.framework */; };
		52B463A01B3365BC00C36A94 /* OpenGL.framework in Frameworks */ = {isa = PBXBuildFile; fileRef = 52B4639F1B3365BC00C36A94 /* OpenGL.framework */; };
		52C38A131BA0A2A4002208C5 /* main.cpp in Sources */ = {isa = PBXBuildFile; fileRef = 52C38A121BA0A2A4002208C5 /* main.cpp */; };
		52D13D841BB9B2D0008B5EF5 /* ButtonNavigator.cpp in Sources */ = {isa = PBXBuildFile; fileRef = 52D13D631BB9B2D0008B5EF5 /* ButtonNavigator.cpp */; };
		52D13D851BB9B2D0008B5EF5 /* Client.cpp in Sources */ = {isa = PBXBuildFile; fileRef = 52D13D641BB9B2D0008B5EF5 /* Client.cpp */; };
		52D13D861BB9B2D0008B5EF5 /* ClientEvent.cpp in Sources */ = {isa = PBXBuildFile; fileRef = 52D13D651BB9B2D0008B5EF5 /* ClientEvent.cpp */; };
		52D13D871BB9B2D0008B5EF5 /* ClientServer.cpp in Sources */ = {isa = PBXBuildFile; fileRef = 52D13D661BB9B2D0008B5EF5 /* ClientServer.cpp */; };
		52D13D881BB9B2D0008B5EF5 /* Game.cpp in Sources */ = {isa = PBXBuildFile; fileRef = 52D13D671BB9B2D0008B5EF5 /* Game.cpp */; };
		52D13D891BB9B2D0008B5EF5 /* GameserverInformation.cpp in Sources */ = {isa = PBXBuildFile; fileRef = 52D13D681BB9B2D0008B5EF5 /* GameserverInformation.cpp */; };
		52D13D8A1BB9B2D0008B5EF5 /* KeyBinding.cpp in Sources */ = {isa = PBXBuildFile; fileRef = 52D13D691BB9B2D0008B5EF5 /* KeyBinding.cpp */; };
		52D13D8B1BB9B2D0008B5EF5 /* LANBroadcaster.cpp in Sources */ = {isa = PBXBuildFile; fileRef = 52D13D6A1BB9B2D0008B5EF5 /* LANBroadcaster.cpp */; };
		52D13D8C1BB9B2D0008B5EF5 /* MainMenu.cpp in Sources */ = {isa = PBXBuildFile; fileRef = 52D13D6B1BB9B2D0008B5EF5 /* MainMenu.cpp */; };
		52D13D8D1BB9B2D0008B5EF5 /* MapConfiguration.cpp in Sources */ = {isa = PBXBuildFile; fileRef = 52D13D6C1BB9B2D0008B5EF5 /* MapConfiguration.cpp */; };
		52D13D8E1BB9B2D0008B5EF5 /* MasterQuery.cpp in Sources */ = {isa = PBXBuildFile; fileRef = 52D13D6D1BB9B2D0008B5EF5 /* MasterQuery.cpp */; };
		52D13D8F1BB9B2D0008B5EF5 /* MasterQueryClient.cpp in Sources */ = {isa = PBXBuildFile; fileRef = 52D13D6E1BB9B2D0008B5EF5 /* MasterQueryClient.cpp */; };
		52D13D901BB9B2D0008B5EF5 /* MessageSequencer.cpp in Sources */ = {isa = PBXBuildFile; fileRef = 52D13D6F1BB9B2D0008B5EF5 /* MessageSequencer.cpp */; };
		52D13D911BB9B2D0008B5EF5 /* OptionsMenu.cpp in Sources */ = {isa = PBXBuildFile; fileRef = 52D13D701BB9B2D0008B5EF5 /* OptionsMenu.cpp */; };
		52D13D921BB9B2D0008B5EF5 /* Player.cpp in Sources */ = {isa = PBXBuildFile; fileRef = 52D13D711BB9B2D0008B5EF5 /* Player.cpp */; };
		52D13D931BB9B2D0008B5EF5 /* Server.cpp in Sources */ = {isa = PBXBuildFile; fileRef = 52D13D721BB9B2D0008B5EF5 /* Server.cpp */; };
		52D13D941BB9B2D0008B5EF5 /* ServerAdmin.cpp in Sources */ = {isa = PBXBuildFile; fileRef = 52D13D731BB9B2D0008B5EF5 /* ServerAdmin.cpp */; };
		52D13D951BB9B2D0008B5EF5 /* ServerLogger.cpp in Sources */ = {isa = PBXBuildFile; fileRef = 52D13D741BB9B2D0008B5EF5 /* ServerLogger.cpp */; };
		52D13D961BB9B2D0008B5EF5 /* Tournament.cpp in Sources */ = {isa = PBXBuildFile; fileRef = 52D13D751BB9B2D0008B5EF5 /* Tournament.cpp */; };
		52D13D971BB9B2D0008B5EF5 /* TournamentCTC.cpp in Sources */ = {isa = PBXBuildFile; fileRef = 52D13D761BB9B2D0008B5EF5 /* TournamentCTC.cpp */; };
		52D13D981BB9B2D0008B5EF5 /* TournamentCTF.cpp in Sources */ = {isa = PBXBuildFile; fileRef = 52D13D771BB9B2D0008B5EF5 /* TournamentCTF.cpp */; };
		52D13D991BB9B2D0008B5EF5 /* TournamentDM.cpp in Sources */ = {isa = PBXBuildFile; fileRef = 52D13D781BB9B2D0008B5EF5 /* TournamentDM.cpp */; };
		52D13D9A1BB9B2D0008B5EF5 /* TournamentDraw.cpp in Sources */ = {isa = PBXBuildFile; fileRef = 52D13D791BB9B2D0008B5EF5 /* TournamentDraw.cpp */; };
		52D13D9B1BB9B2D0008B5EF5 /* TournamentFactory.cpp in Sources */ = {isa = PBXBuildFile; fileRef = 52D13D7A1BB9B2D0008B5EF5 /* TournamentFactory.cpp */; };
		52D13D9C1BB9B2D0008B5EF5 /* TournamentGOH.cpp in Sources */ = {isa = PBXBuildFile; fileRef = 52D13D7B1BB9B2D0008B5EF5 /* TournamentGOH.cpp */; };
		52D13D9D1BB9B2D0008B5EF5 /* TournamentNPC.cpp in Sources */ = {isa = PBXBuildFile; fileRef = 52D13D7C1BB9B2D0008B5EF5 /* TournamentNPC.cpp */; };
		52D13D9E1BB9B2D0008B5EF5 /* TournamentPhysics.cpp in Sources */ = {isa = PBXBuildFile; fileRef = 52D13D7D1BB9B2D0008B5EF5 /* TournamentPhysics.cpp */; };
		52D13D9F1BB9B2D0008B5EF5 /* TournamentSpectator.cpp in Sources */ = {isa = PBXBuildFile; fileRef = 52D13D7E1BB9B2D0008B5EF5 /* TournamentSpectator.cpp */; };
		52D13DA01BB9B2D0008B5EF5 /* TournamentSR.cpp in Sources */ = {isa = PBXBuildFile; fileRef = 52D13D7F1BB9B2D0008B5EF5 /* TournamentSR.cpp */; };
		52D13DA11BB9B2D0008B5EF5 /* TournamentStates.cpp in Sources */ = {isa = PBXBuildFile; fileRef = 52D13D801BB9B2D0008B5EF5 /* TournamentStates.cpp */; };
		52D13DA21BB9B2D0008B5EF5 /* TournamentTDM.cpp in Sources */ = {isa = PBXBuildFile; fileRef = 52D13D811BB9B2D0008B5EF5 /* TournamentTDM.cpp */; };
		52D13DA31BB9B2D0008B5EF5 /* TournamentTeam.cpp in Sources */ = {isa = PBXBuildFile; fileRef = 52D13D821BB9B2D0008B5EF5 /* TournamentTeam.cpp */; };
		52D13DA41BB9B2D0008B5EF5 /* TournamentWeapons.cpp in Sources */ = {isa = PBXBuildFile; fileRef = 52D13D831BB9B2D0008B5EF5 /* TournamentWeapons.cpp */; };
		EC850B471B34323100D90F2A /* SDL2.framework in Frameworks */ = {isa = PBXBuildFile; fileRef = 524E104B1B33753A00AF62C4 /* SDL2.framework */; };
		EC850B481B34323100D90F2A /* SDL2.framework in Embed Frameworks */ = {isa = PBXBuildFile; fileRef = 524E104B1B33753A00AF62C4 /* SDL2.framework */; settings = {ATTRIBUTES = (CodeSignOnCopy, RemoveHeadersOnCopy, ); }; };
		EC850B4A1B34323D00D90F2A /* SDL2_mixer.framework in Frameworks */ = {isa = PBXBuildFile; fileRef = 524E104A1B33753A00AF62C4 /* SDL2_mixer.framework */; };
		EC850B4B1B34323D00D90F2A /* SDL2_mixer.framework in Embed Frameworks */ = {isa = PBXBuildFile; fileRef = 524E104A1B33753A00AF62C4 /* SDL2_mixer.framework */; settings = {ATTRIBUTES = (CodeSignOnCopy, RemoveHeadersOnCopy, ); }; };
		EC850B4D1B34446500D90F2A /* frederic.icns in Resources */ = {isa = PBXBuildFile; fileRef = EC850B4C1B34446500D90F2A /* frederic.icns */; };
		ECA4799C1D2BCE0D009D6C1F /* CRC64.cpp in Sources */ = {isa = PBXBuildFile; fileRef = ECA4799A1D2BCE0D009D6C1F /* CRC64.cpp */; settings = {ASSET_TAGS = (); }; };
		ECA4799D1D2BCE0D009D6C1F /* TextMessageSystem.cpp in Sources */ = {isa = PBXBuildFile; fileRef = ECA4799B1D2BCE0D009D6C1F /* TextMessageSystem.cpp */; settings = {ASSET_TAGS = (); }; };
/* End PBXBuildFile section */

/* Begin PBXCopyFilesBuildPhase section */
		524E0D9F1B33723400AF62C4 /* Copy libraries to to bundle */ = {
			isa = PBXCopyFilesBuildPhase;
			buildActionMask = 2147483647;
			dstPath = lib;
			dstSubfolderSpec = 10;
			files = (
				524E10521B33758A00AF62C4 /* libpng16.16.dylib in Copy libraries to to bundle */,
			);
			name = "Copy libraries to to bundle";
			runOnlyForDeploymentPostprocessing = 0;
		};
		EC850B491B34323100D90F2A /* Embed Frameworks */ = {
			isa = PBXCopyFilesBuildPhase;
			buildActionMask = 2147483647;
			dstPath = "";
			dstSubfolderSpec = 10;
			files = (
				EC850B481B34323100D90F2A /* SDL2.framework in Embed Frameworks */,
				EC850B4B1B34323D00D90F2A /* SDL2_mixer.framework in Embed Frameworks */,
			);
			name = "Embed Frameworks";
			runOnlyForDeploymentPostprocessing = 0;
		};
/* End PBXCopyFilesBuildPhase section */

/* Begin PBXFileReference section */
		524E0FEC1B33747D00AF62C4 /* adler32.c */ = {isa = PBXFileReference; fileEncoding = 4; lastKnownFileType = sourcecode.c.c; path = adler32.c; sourceTree = "<group>"; };
		524E0FED1B33747D00AF62C4 /* crc32.c */ = {isa = PBXFileReference; fileEncoding = 4; lastKnownFileType = sourcecode.c.c; path = crc32.c; sourceTree = "<group>"; };
		524E0FEE1B33747D00AF62C4 /* crc32.h */ = {isa = PBXFileReference; fileEncoding = 4; lastKnownFileType = sourcecode.c.h; path = crc32.h; sourceTree = "<group>"; };
		524E0FEF1B33747D00AF62C4 /* gzguts.h */ = {isa = PBXFileReference; fileEncoding = 4; lastKnownFileType = sourcecode.c.h; path = gzguts.h; sourceTree = "<group>"; };
		524E0FF01B33747D00AF62C4 /* inffast.c */ = {isa = PBXFileReference; fileEncoding = 4; lastKnownFileType = sourcecode.c.c; path = inffast.c; sourceTree = "<group>"; };
		524E0FF11B33747D00AF62C4 /* inffast.h */ = {isa = PBXFileReference; fileEncoding = 4; lastKnownFileType = sourcecode.c.h; path = inffast.h; sourceTree = "<group>"; };
		524E0FF21B33747D00AF62C4 /* inffixed.h */ = {isa = PBXFileReference; fileEncoding = 4; lastKnownFileType = sourcecode.c.h; path = inffixed.h; sourceTree = "<group>"; };
		524E0FF31B33747D00AF62C4 /* inflate.c */ = {isa = PBXFileReference; fileEncoding = 4; lastKnownFileType = sourcecode.c.c; path = inflate.c; sourceTree = "<group>"; };
		524E0FF41B33747D00AF62C4 /* inflate.h */ = {isa = PBXFileReference; fileEncoding = 4; lastKnownFileType = sourcecode.c.h; path = inflate.h; sourceTree = "<group>"; };
		524E0FF51B33747D00AF62C4 /* inftrees.c */ = {isa = PBXFileReference; fileEncoding = 4; lastKnownFileType = sourcecode.c.c; path = inftrees.c; sourceTree = "<group>"; };
		524E0FF61B33747D00AF62C4 /* inftrees.h */ = {isa = PBXFileReference; fileEncoding = 4; lastKnownFileType = sourcecode.c.h; path = inftrees.h; sourceTree = "<group>"; };
		524E0FF71B33747D00AF62C4 /* zconf.h */ = {isa = PBXFileReference; fileEncoding = 4; lastKnownFileType = sourcecode.c.h; path = zconf.h; sourceTree = "<group>"; };
		524E0FF81B33747D00AF62C4 /* zlib.h */ = {isa = PBXFileReference; fileEncoding = 4; lastKnownFileType = sourcecode.c.h; path = zlib.h; sourceTree = "<group>"; };
		524E0FF91B33747D00AF62C4 /* zutil.c */ = {isa = PBXFileReference; fileEncoding = 4; lastKnownFileType = sourcecode.c.c; path = zutil.c; sourceTree = "<group>"; };
		524E0FFA1B33747D00AF62C4 /* zutil.h */ = {isa = PBXFileReference; fileEncoding = 4; lastKnownFileType = sourcecode.c.h; path = zutil.h; sourceTree = "<group>"; };
		524E10471B3374C900AF62C4 /* png.h */ = {isa = PBXFileReference; fileEncoding = 4; lastKnownFileType = sourcecode.c.h; name = png.h; path = ../../frameworks/libpng/include/png.h; sourceTree = "<group>"; };
		524E10481B3374C900AF62C4 /* pngconf.h */ = {isa = PBXFileReference; fileEncoding = 4; lastKnownFileType = sourcecode.c.h; name = pngconf.h; path = ../../frameworks/libpng/include/pngconf.h; sourceTree = "<group>"; };
		524E10491B3374C900AF62C4 /* pnglibconf.h */ = {isa = PBXFileReference; fileEncoding = 4; lastKnownFileType = sourcecode.c.h; name = pnglibconf.h; path = ../../frameworks/libpng/include/pnglibconf.h; sourceTree = "<group>"; };
		524E104A1B33753A00AF62C4 /* SDL2_mixer.framework */ = {isa = PBXFileReference; lastKnownFileType = wrapper.framework; name = SDL2_mixer.framework; path = ../frameworks/sdl2/SDL2_mixer.framework; sourceTree = "<group>"; };
		524E104B1B33753A00AF62C4 /* SDL2.framework */ = {isa = PBXFileReference; lastKnownFileType = wrapper.framework; name = SDL2.framework; path = ../frameworks/sdl2/SDL2.framework; sourceTree = "<group>"; };
		524E10501B33757A00AF62C4 /* libpng16.16.dylib */ = {isa = PBXFileReference; lastKnownFileType = "compiled.mach-o.dylib"; name = libpng16.16.dylib; path = ../frameworks/libpng/libpng16.16.dylib; sourceTree = "<group>"; };
		524E12121B33768400AF62C4 /* data */ = {isa = PBXFileReference; lastKnownFileType = folder; name = data; path = ../../data; sourceTree = "<group>"; };
		5268D6821BA0A38E00399464 /* AABB.cpp */ = {isa = PBXFileReference; fileEncoding = 4; lastKnownFileType = sourcecode.cpp.cpp; path = AABB.cpp; sourceTree = "<group>"; };
		5268D6831BA0A38E00399464 /* Animation.cpp */ = {isa = PBXFileReference; fileEncoding = 4; lastKnownFileType = sourcecode.cpp.cpp; path = Animation.cpp; sourceTree = "<group>"; };
		5268D6841BA0A38E00399464 /* Audio.cpp */ = {isa = PBXFileReference; fileEncoding = 4; lastKnownFileType = sourcecode.cpp.cpp; path = Audio.cpp; sourceTree = "<group>"; };
		5268D6851BA0A38E00399464 /* AudioNull.cpp */ = {isa = PBXFileReference; fileEncoding = 4; lastKnownFileType = sourcecode.cpp.cpp; path = AudioNull.cpp; sourceTree = "<group>"; };
		5268D6861BA0A38E00399464 /* AudioSDL.cpp */ = {isa = PBXFileReference; fileEncoding = 4; lastKnownFileType = sourcecode.cpp.cpp; path = AudioSDL.cpp; sourceTree = "<group>"; };
		5268D6871BA0A38E00399464 /* Background.cpp */ = {isa = PBXFileReference; fileEncoding = 4; lastKnownFileType = sourcecode.cpp.cpp; path = Background.cpp; sourceTree = "<group>"; };
		5268D6881BA0A38E00399464 /* Characterset.cpp */ = {isa = PBXFileReference; fileEncoding = 4; lastKnownFileType = sourcecode.cpp.cpp; path = Characterset.cpp; sourceTree = "<group>"; };
		5268D6891BA0A38E00399464 /* Configuration.cpp */ = {isa = PBXFileReference; fileEncoding = 4; lastKnownFileType = sourcecode.cpp.cpp; path = Configuration.cpp; sourceTree = "<group>"; };
		5268D68A1BA0A38E00399464 /* Directory.cpp */ = {isa = PBXFileReference; fileEncoding = 4; lastKnownFileType = sourcecode.cpp.cpp; path = Directory.cpp; sourceTree = "<group>"; };
		5268D68B1BA0A38E00399464 /* Exception.cpp */ = {isa = PBXFileReference; fileEncoding = 4; lastKnownFileType = sourcecode.cpp.cpp; path = Exception.cpp; sourceTree = "<group>"; };
		5268D68C1BA0A38E00399464 /* Font.cpp */ = {isa = PBXFileReference; fileEncoding = 4; lastKnownFileType = sourcecode.cpp.cpp; path = Font.cpp; sourceTree = "<group>"; };
		5268D68D1BA0A38E00399464 /* Globals.cpp */ = {isa = PBXFileReference; fileEncoding = 4; lastKnownFileType = sourcecode.cpp.cpp; path = Globals.cpp; sourceTree = "<group>"; };
		5268D68E1BA0A38E00399464 /* Gui.cpp */ = {isa = PBXFileReference; fileEncoding = 4; lastKnownFileType = sourcecode.cpp.cpp; path = Gui.cpp; sourceTree = "<group>"; };
		5268D68F1BA0A38E00399464 /* GuiObject.cpp */ = {isa = PBXFileReference; fileEncoding = 4; lastKnownFileType = sourcecode.cpp.cpp; path = GuiObject.cpp; sourceTree = "<group>"; };
		5268D6901BA0A38E00399464 /* Icon.cpp */ = {isa = PBXFileReference; fileEncoding = 4; lastKnownFileType = sourcecode.cpp.cpp; path = Icon.cpp; sourceTree = "<group>"; };
		5268D6911BA0A38E00399464 /* KeyValue.cpp */ = {isa = PBXFileReference; fileEncoding = 4; lastKnownFileType = sourcecode.cpp.cpp; path = KeyValue.cpp; sourceTree = "<group>"; };
		5268D6921BA0A38E00399464 /* Lightmap.cpp */ = {isa = PBXFileReference; fileEncoding = 4; lastKnownFileType = sourcecode.cpp.cpp; path = Lightmap.cpp; sourceTree = "<group>"; };
		5268D6931BA0A38E00399464 /* Map.cpp */ = {isa = PBXFileReference; fileEncoding = 4; lastKnownFileType = sourcecode.cpp.cpp; path = Map.cpp; sourceTree = "<group>"; };
		5268D6941BA0A38E00399464 /* Movable.cpp */ = {isa = PBXFileReference; fileEncoding = 4; lastKnownFileType = sourcecode.cpp.cpp; path = Movable.cpp; sourceTree = "<group>"; };
		5268D6951BA0A38E00399464 /* Music.cpp */ = {isa = PBXFileReference; fileEncoding = 4; lastKnownFileType = sourcecode.cpp.cpp; path = Music.cpp; sourceTree = "<group>"; };
		5268D6961BA0A38E00399464 /* Mutex.cpp */ = {isa = PBXFileReference; fileEncoding = 4; lastKnownFileType = sourcecode.cpp.cpp; path = Mutex.cpp; sourceTree = "<group>"; };
		5268D6971BA0A38E00399464 /* NPC.cpp */ = {isa = PBXFileReference; fileEncoding = 4; lastKnownFileType = sourcecode.cpp.cpp; path = NPC.cpp; sourceTree = "<group>"; };
		5268D6981BA0A38E00399464 /* Object.cpp */ = {isa = PBXFileReference; fileEncoding = 4; lastKnownFileType = sourcecode.cpp.cpp; path = Object.cpp; sourceTree = "<group>"; };
		5268D6991BA0A38E00399464 /* PNG.cpp */ = {isa = PBXFileReference; fileEncoding = 4; lastKnownFileType = sourcecode.cpp.cpp; path = PNG.cpp; sourceTree = "<group>"; };
		5268D69A1BA0A38E00399464 /* Properties.cpp */ = {isa = PBXFileReference; fileEncoding = 4; lastKnownFileType = sourcecode.cpp.cpp; path = Properties.cpp; sourceTree = "<group>"; };
		5268D69B1BA0A38E00399464 /* Resources.cpp */ = {isa = PBXFileReference; fileEncoding = 4; lastKnownFileType = sourcecode.cpp.cpp; path = Resources.cpp; sourceTree = "<group>"; };
		5268D69D1BA0A38E00399464 /* Sound.cpp */ = {isa = PBXFileReference; fileEncoding = 4; lastKnownFileType = sourcecode.cpp.cpp; path = Sound.cpp; sourceTree = "<group>"; };
		5268D69E1BA0A38E00399464 /* Subsystem.cpp */ = {isa = PBXFileReference; fileEncoding = 4; lastKnownFileType = sourcecode.cpp.cpp; path = Subsystem.cpp; sourceTree = "<group>"; };
		5268D69F1BA0A38E00399464 /* SubsystemNull.cpp */ = {isa = PBXFileReference; fileEncoding = 4; lastKnownFileType = sourcecode.cpp.cpp; path = SubsystemNull.cpp; sourceTree = "<group>"; };
		5268D6A01BA0A38E00399464 /* SubsystemSDL.cpp */ = {isa = PBXFileReference; fileEncoding = 4; lastKnownFileType = sourcecode.cpp.cpp; path = SubsystemSDL.cpp; sourceTree = "<group>"; };
		5268D6A11BA0A38E00399464 /* TCPSocket.cpp */ = {isa = PBXFileReference; fileEncoding = 4; lastKnownFileType = sourcecode.cpp.cpp; path = TCPSocket.cpp; sourceTree = "<group>"; };
		5268D6A21BA0A38E00399464 /* Thread.cpp */ = {isa = PBXFileReference; fileEncoding = 4; lastKnownFileType = sourcecode.cpp.cpp; path = Thread.cpp; sourceTree = "<group>"; };
		5268D6A31BA0A38E00399464 /* Tile.cpp */ = {isa = PBXFileReference; fileEncoding = 4; lastKnownFileType = sourcecode.cpp.cpp; path = Tile.cpp; sourceTree = "<group>"; };
		5268D6A41BA0A38E00399464 /* TileGraphic.cpp */ = {isa = PBXFileReference; fileEncoding = 4; lastKnownFileType = sourcecode.cpp.cpp; path = TileGraphic.cpp; sourceTree = "<group>"; };
		5268D6A51BA0A38E00399464 /* TileGraphicGL.cpp */ = {isa = PBXFileReference; fileEncoding = 4; lastKnownFileType = sourcecode.cpp.cpp; path = TileGraphicGL.cpp; sourceTree = "<group>"; };
		5268D6A61BA0A38E00399464 /* TileGraphicNull.cpp */ = {isa = PBXFileReference; fileEncoding = 4; lastKnownFileType = sourcecode.cpp.cpp; path = TileGraphicNull.cpp; sourceTree = "<group>"; };
		5268D6A71BA0A38E00399464 /* Tileset.cpp */ = {isa = PBXFileReference; fileEncoding = 4; lastKnownFileType = sourcecode.cpp.cpp; path = Tileset.cpp; sourceTree = "<group>"; };
		5268D6A81BA0A38E00399464 /* Timing.cpp */ = {isa = PBXFileReference; fileEncoding = 4; lastKnownFileType = sourcecode.cpp.cpp; path = Timing.cpp; sourceTree = "<group>"; };
		5268D6A91BA0A38E00399464 /* UDPSocket.cpp */ = {isa = PBXFileReference; fileEncoding = 4; lastKnownFileType = sourcecode.cpp.cpp; path = UDPSocket.cpp; sourceTree = "<group>"; };
		5268D6AA1BA0A38E00399464 /* Utils.cpp */ = {isa = PBXFileReference; fileEncoding = 4; lastKnownFileType = sourcecode.cpp.cpp; path = Utils.cpp; sourceTree = "<group>"; };
		5268D6AB1BA0A38E00399464 /* Zip.cpp */ = {isa = PBXFileReference; fileEncoding = 4; lastKnownFileType = sourcecode.cpp.cpp; path = Zip.cpp; sourceTree = "<group>"; };
		5268D6AC1BA0A38E00399464 /* ZipReader.cpp */ = {isa = PBXFileReference; fileEncoding = 4; lastKnownFileType = sourcecode.cpp.cpp; path = ZipReader.cpp; sourceTree = "<group>"; };
		5268D6AD1BA0A38E00399464 /* ZipWriter.cpp */ = {isa = PBXFileReference; fileEncoding = 4; lastKnownFileType = sourcecode.cpp.cpp; path = ZipWriter.cpp; sourceTree = "<group>"; };
		5268D6DA1BA0A39800399464 /* AABB.hpp */ = {isa = PBXFileReference; fileEncoding = 4; lastKnownFileType = sourcecode.cpp.h; path = AABB.hpp; sourceTree = "<group>"; };
		5268D6DB1BA0A39800399464 /* Animation.hpp */ = {isa = PBXFileReference; fileEncoding = 4; lastKnownFileType = sourcecode.cpp.h; path = Animation.hpp; sourceTree = "<group>"; };
		5268D6DC1BA0A39800399464 /* Audio.hpp */ = {isa = PBXFileReference; fileEncoding = 4; lastKnownFileType = sourcecode.cpp.h; path = Audio.hpp; sourceTree = "<group>"; };
		5268D6DD1BA0A39800399464 /* AudioNull.hpp */ = {isa = PBXFileReference; fileEncoding = 4; lastKnownFileType = sourcecode.cpp.h; path = AudioNull.hpp; sourceTree = "<group>"; };
		5268D6DE1BA0A39800399464 /* AudioSDL.hpp */ = {isa = PBXFileReference; fileEncoding = 4; lastKnownFileType = sourcecode.cpp.h; path = AudioSDL.hpp; sourceTree = "<group>"; };
		5268D6DF1BA0A39800399464 /* Background.hpp */ = {isa = PBXFileReference; fileEncoding = 4; lastKnownFileType = sourcecode.cpp.h; path = Background.hpp; sourceTree = "<group>"; };
		5268D6E01BA0A39800399464 /* Characterset.hpp */ = {isa = PBXFileReference; fileEncoding = 4; lastKnownFileType = sourcecode.cpp.h; path = Characterset.hpp; sourceTree = "<group>"; };
		5268D6E11BA0A39800399464 /* Configuration.hpp */ = {isa = PBXFileReference; fileEncoding = 4; lastKnownFileType = sourcecode.cpp.h; path = Configuration.hpp; sourceTree = "<group>"; };
		5268D6E21BA0A39800399464 /* Directory.hpp */ = {isa = PBXFileReference; fileEncoding = 4; lastKnownFileType = sourcecode.cpp.h; path = Directory.hpp; sourceTree = "<group>"; };
		5268D6E31BA0A39800399464 /* Exception.hpp */ = {isa = PBXFileReference; fileEncoding = 4; lastKnownFileType = sourcecode.cpp.h; path = Exception.hpp; sourceTree = "<group>"; };
		5268D6E41BA0A39800399464 /* Font.hpp */ = {isa = PBXFileReference; fileEncoding = 4; lastKnownFileType = sourcecode.cpp.h; path = Font.hpp; sourceTree = "<group>"; };
		5268D6E51BA0A39800399464 /* Globals.hpp */ = {isa = PBXFileReference; fileEncoding = 4; lastKnownFileType = sourcecode.cpp.h; path = Globals.hpp; sourceTree = "<group>"; };
		5268D6E61BA0A39800399464 /* Gui.hpp */ = {isa = PBXFileReference; fileEncoding = 4; lastKnownFileType = sourcecode.cpp.h; path = Gui.hpp; sourceTree = "<group>"; };
		5268D6E71BA0A39800399464 /* GuiObject.hpp */ = {isa = PBXFileReference; fileEncoding = 4; lastKnownFileType = sourcecode.cpp.h; path = GuiObject.hpp; sourceTree = "<group>"; };
		5268D6E81BA0A39800399464 /* Icon.hpp */ = {isa = PBXFileReference; fileEncoding = 4; lastKnownFileType = sourcecode.cpp.h; path = Icon.hpp; sourceTree = "<group>"; };
		5268D6E91BA0A39800399464 /* KeyValue.hpp */ = {isa = PBXFileReference; fileEncoding = 4; lastKnownFileType = sourcecode.cpp.h; path = KeyValue.hpp; sourceTree = "<group>"; };
		5268D6EA1BA0A39800399464 /* Lightmap.hpp */ = {isa = PBXFileReference; fileEncoding = 4; lastKnownFileType = sourcecode.cpp.h; path = Lightmap.hpp; sourceTree = "<group>"; };
		5268D6EB1BA0A39800399464 /* Map.hpp */ = {isa = PBXFileReference; fileEncoding = 4; lastKnownFileType = sourcecode.cpp.h; path = Map.hpp; sourceTree = "<group>"; };
		5268D6EC1BA0A39800399464 /* Movable.hpp */ = {isa = PBXFileReference; fileEncoding = 4; lastKnownFileType = sourcecode.cpp.h; path = Movable.hpp; sourceTree = "<group>"; };
		5268D6ED1BA0A39800399464 /* Music.hpp */ = {isa = PBXFileReference; fileEncoding = 4; lastKnownFileType = sourcecode.cpp.h; path = Music.hpp; sourceTree = "<group>"; };
		5268D6EE1BA0A39800399464 /* Mutex.hpp */ = {isa = PBXFileReference; fileEncoding = 4; lastKnownFileType = sourcecode.cpp.h; path = Mutex.hpp; sourceTree = "<group>"; };
		5268D6EF1BA0A39800399464 /* NPC.hpp */ = {isa = PBXFileReference; fileEncoding = 4; lastKnownFileType = sourcecode.cpp.h; path = NPC.hpp; sourceTree = "<group>"; };
		5268D6F01BA0A39800399464 /* Object.hpp */ = {isa = PBXFileReference; fileEncoding = 4; lastKnownFileType = sourcecode.cpp.h; path = Object.hpp; sourceTree = "<group>"; };
		5268D6F11BA0A39800399464 /* PNG.hpp */ = {isa = PBXFileReference; fileEncoding = 4; lastKnownFileType = sourcecode.cpp.h; path = PNG.hpp; sourceTree = "<group>"; };
		5268D6F21BA0A39800399464 /* Properties.hpp */ = {isa = PBXFileReference; fileEncoding = 4; lastKnownFileType = sourcecode.cpp.h; path = Properties.hpp; sourceTree = "<group>"; };
		5268D6F31BA0A39800399464 /* Resources.hpp */ = {isa = PBXFileReference; fileEncoding = 4; lastKnownFileType = sourcecode.cpp.h; path = Resources.hpp; sourceTree = "<group>"; };
		5268D6F41BA0A39800399464 /* ScopeAllocator.hpp */ = {isa = PBXFileReference; fileEncoding = 4; lastKnownFileType = sourcecode.cpp.h; path = ScopeAllocator.hpp; sourceTree = "<group>"; };
		5268D6F51BA0A39800399464 /* ScopeCollector.hpp */ = {isa = PBXFileReference; fileEncoding = 4; lastKnownFileType = sourcecode.cpp.h; path = ScopeCollector.hpp; sourceTree = "<group>"; };
		5268D6F71BA0A39800399464 /* Sound.hpp */ = {isa = PBXFileReference; fileEncoding = 4; lastKnownFileType = sourcecode.cpp.h; path = Sound.hpp; sourceTree = "<group>"; };
		5268D6F81BA0A39800399464 /* Subsystem.hpp */ = {isa = PBXFileReference; fileEncoding = 4; lastKnownFileType = sourcecode.cpp.h; path = Subsystem.hpp; sourceTree = "<group>"; };
		5268D6F91BA0A39800399464 /* SubsystemNull.hpp */ = {isa = PBXFileReference; fileEncoding = 4; lastKnownFileType = sourcecode.cpp.h; path = SubsystemNull.hpp; sourceTree = "<group>"; };
		5268D6FA1BA0A39800399464 /* SubsystemSDL.hpp */ = {isa = PBXFileReference; fileEncoding = 4; lastKnownFileType = sourcecode.cpp.h; path = SubsystemSDL.hpp; sourceTree = "<group>"; };
		5268D6FB1BA0A39800399464 /* TCPSocket.hpp */ = {isa = PBXFileReference; fileEncoding = 4; lastKnownFileType = sourcecode.cpp.h; path = TCPSocket.hpp; sourceTree = "<group>"; };
		5268D6FC1BA0A39800399464 /* Thread.hpp */ = {isa = PBXFileReference; fileEncoding = 4; lastKnownFileType = sourcecode.cpp.h; path = Thread.hpp; sourceTree = "<group>"; };
		5268D6FD1BA0A39800399464 /* Tile.hpp */ = {isa = PBXFileReference; fileEncoding = 4; lastKnownFileType = sourcecode.cpp.h; path = Tile.hpp; sourceTree = "<group>"; };
		5268D6FE1BA0A39800399464 /* TileGraphic.hpp */ = {isa = PBXFileReference; fileEncoding = 4; lastKnownFileType = sourcecode.cpp.h; path = TileGraphic.hpp; sourceTree = "<group>"; };
		5268D6FF1BA0A39800399464 /* TileGraphicGL.hpp */ = {isa = PBXFileReference; fileEncoding = 4; lastKnownFileType = sourcecode.cpp.h; path = TileGraphicGL.hpp; sourceTree = "<group>"; };
		5268D7001BA0A39800399464 /* TileGraphicNull.hpp */ = {isa = PBXFileReference; fileEncoding = 4; lastKnownFileType = sourcecode.cpp.h; path = TileGraphicNull.hpp; sourceTree = "<group>"; };
		5268D7011BA0A39800399464 /* Tileset.hpp */ = {isa = PBXFileReference; fileEncoding = 4; lastKnownFileType = sourcecode.cpp.h; path = Tileset.hpp; sourceTree = "<group>"; };
		5268D7021BA0A39800399464 /* Timing.hpp */ = {isa = PBXFileReference; fileEncoding = 4; lastKnownFileType = sourcecode.cpp.h; path = Timing.hpp; sourceTree = "<group>"; };
		5268D7031BA0A39800399464 /* UDPSocket.hpp */ = {isa = PBXFileReference; fileEncoding = 4; lastKnownFileType = sourcecode.cpp.h; path = UDPSocket.hpp; sourceTree = "<group>"; };
		5268D7041BA0A39800399464 /* Utils.hpp */ = {isa = PBXFileReference; fileEncoding = 4; lastKnownFileType = sourcecode.cpp.h; path = Utils.hpp; sourceTree = "<group>"; };
		5268D7051BA0A39800399464 /* Zip.hpp */ = {isa = PBXFileReference; fileEncoding = 4; lastKnownFileType = sourcecode.cpp.h; path = Zip.hpp; sourceTree = "<group>"; };
		5268D7061BA0A39800399464 /* ZipReader.hpp */ = {isa = PBXFileReference; fileEncoding = 4; lastKnownFileType = sourcecode.cpp.h; path = ZipReader.hpp; sourceTree = "<group>"; };
		5268D7071BA0A39800399464 /* ZipWriter.hpp */ = {isa = PBXFileReference; fileEncoding = 4; lastKnownFileType = sourcecode.cpp.h; path = ZipWriter.hpp; sourceTree = "<group>"; };
		528B25E51B33584000849A91 /* Cocoa.framework */ = {isa = PBXFileReference; lastKnownFileType = wrapper.framework; name = Cocoa.framework; path = System/Library/Frameworks/Cocoa.framework; sourceTree = SDKROOT; };
		528B25E81B33584000849A91 /* AppKit.framework */ = {isa = PBXFileReference; lastKnownFileType = wrapper.framework; name = AppKit.framework; path = System/Library/Frameworks/AppKit.framework; sourceTree = SDKROOT; };
		528B25E91B33584000849A91 /* CoreData.framework */ = {isa = PBXFileReference; lastKnownFileType = wrapper.framework; name = CoreData.framework; path = System/Library/Frameworks/CoreData.framework; sourceTree = SDKROOT; };
		528B25EA1B33584000849A91 /* Foundation.framework */ = {isa = PBXFileReference; lastKnownFileType = wrapper.framework; name = Foundation.framework; path = System/Library/Frameworks/Foundation.framework; sourceTree = SDKROOT; };
		528B25ED1B33584000849A91 /* Goat Attack-Info.plist */ = {isa = PBXFileReference; lastKnownFileType = text.plist.xml; path = "Goat Attack-Info.plist"; sourceTree = "<group>"; };
		528B25EF1B33584000849A91 /* en */ = {isa = PBXFileReference; lastKnownFileType = text.plist.strings; name = en; path = en.lproj/InfoPlist.strings; sourceTree = "<group>"; };
		528B25F31B33584000849A91 /* Goat Attack-Prefix.pch */ = {isa = PBXFileReference; lastKnownFileType = sourcecode.c.h; path = "Goat Attack-Prefix.pch"; sourceTree = "<group>"; };
		528B25FD1B33584000849A91 /* Images.xcassets */ = {isa = PBXFileReference; lastKnownFileType = folder.assetcatalog; path = Images.xcassets; sourceTree = "<group>"; };
		52B4639F1B3365BC00C36A94 /* OpenGL.framework */ = {isa = PBXFileReference; lastKnownFileType = wrapper.framework; name = OpenGL.framework; path = System/Library/Frameworks/OpenGL.framework; sourceTree = SDKROOT; };
		52C38A121BA0A2A4002208C5 /* main.cpp */ = {isa = PBXFileReference; fileEncoding = 4; lastKnownFileType = sourcecode.cpp.cpp; name = main.cpp; path = ../../../src/Engine/main.cpp; sourceTree = "<group>"; };
		52D13D471BB9B2BF008B5EF5 /* ButtonNavigator.hpp */ = {isa = PBXFileReference; fileEncoding = 4; lastKnownFileType = sourcecode.cpp.h; name = ButtonNavigator.hpp; path = ../../../src/Engine/include/ButtonNavigator.hpp; sourceTree = "<group>"; };
		52D13D481BB9B2BF008B5EF5 /* Client.hpp */ = {isa = PBXFileReference; fileEncoding = 4; lastKnownFileType = sourcecode.cpp.h; name = Client.hpp; path = ../../../src/Engine/include/Client.hpp; sourceTree = "<group>"; };
		52D13D491BB9B2BF008B5EF5 /* ClientServer.hpp */ = {isa = PBXFileReference; fileEncoding = 4; lastKnownFileType = sourcecode.cpp.h; name = ClientServer.hpp; path = ../../../src/Engine/include/ClientServer.hpp; sourceTree = "<group>"; };
		52D13D4A1BB9B2BF008B5EF5 /* Game.hpp */ = {isa = PBXFileReference; fileEncoding = 4; lastKnownFileType = sourcecode.cpp.h; name = Game.hpp; path = ../../../src/Engine/include/Game.hpp; sourceTree = "<group>"; };
		52D13D4B1BB9B2BF008B5EF5 /* GameProtocol.hpp */ = {isa = PBXFileReference; fileEncoding = 4; lastKnownFileType = sourcecode.cpp.h; name = GameProtocol.hpp; path = ../../../src/Engine/include/GameProtocol.hpp; sourceTree = "<group>"; };
		52D13D4C1BB9B2BF008B5EF5 /* GameserverInformation.hpp */ = {isa = PBXFileReference; fileEncoding = 4; lastKnownFileType = sourcecode.cpp.h; name = GameserverInformation.hpp; path = ../../../src/Engine/include/GameserverInformation.hpp; sourceTree = "<group>"; };
		52D13D4D1BB9B2BF008B5EF5 /* KeyBinding.hpp */ = {isa = PBXFileReference; fileEncoding = 4; lastKnownFileType = sourcecode.cpp.h; name = KeyBinding.hpp; path = ../../../src/Engine/include/KeyBinding.hpp; sourceTree = "<group>"; };
		52D13D4E1BB9B2BF008B5EF5 /* LANBroadcaster.hpp */ = {isa = PBXFileReference; fileEncoding = 4; lastKnownFileType = sourcecode.cpp.h; name = LANBroadcaster.hpp; path = ../../../src/Engine/include/LANBroadcaster.hpp; sourceTree = "<group>"; };
		52D13D4F1BB9B2BF008B5EF5 /* MainMenu.hpp */ = {isa = PBXFileReference; fileEncoding = 4; lastKnownFileType = sourcecode.cpp.h; name = MainMenu.hpp; path = ../../../src/Engine/include/MainMenu.hpp; sourceTree = "<group>"; };
		52D13D501BB9B2BF008B5EF5 /* MapConfiguration.hpp */ = {isa = PBXFileReference; fileEncoding = 4; lastKnownFileType = sourcecode.cpp.h; name = MapConfiguration.hpp; path = ../../../src/Engine/include/MapConfiguration.hpp; sourceTree = "<group>"; };
		52D13D511BB9B2BF008B5EF5 /* MasterQuery.hpp */ = {isa = PBXFileReference; fileEncoding = 4; lastKnownFileType = sourcecode.cpp.h; name = MasterQuery.hpp; path = ../../../src/Engine/include/MasterQuery.hpp; sourceTree = "<group>"; };
		52D13D521BB9B2BF008B5EF5 /* MasterQueryClient.hpp */ = {isa = PBXFileReference; fileEncoding = 4; lastKnownFileType = sourcecode.cpp.h; name = MasterQueryClient.hpp; path = ../../../src/Engine/include/MasterQueryClient.hpp; sourceTree = "<group>"; };
		52D13D531BB9B2BF008B5EF5 /* MessageSequencer.hpp */ = {isa = PBXFileReference; fileEncoding = 4; lastKnownFileType = sourcecode.cpp.h; name = MessageSequencer.hpp; path = ../../../src/Engine/include/MessageSequencer.hpp; sourceTree = "<group>"; };
		52D13D541BB9B2BF008B5EF5 /* OptionsMenu.hpp */ = {isa = PBXFileReference; fileEncoding = 4; lastKnownFileType = sourcecode.cpp.h; name = OptionsMenu.hpp; path = ../../../src/Engine/include/OptionsMenu.hpp; sourceTree = "<group>"; };
		52D13D551BB9B2BF008B5EF5 /* Player.hpp */ = {isa = PBXFileReference; fileEncoding = 4; lastKnownFileType = sourcecode.cpp.h; name = Player.hpp; path = ../../../src/Engine/include/Player.hpp; sourceTree = "<group>"; };
		52D13D561BB9B2BF008B5EF5 /* Protocol.hpp */ = {isa = PBXFileReference; fileEncoding = 4; lastKnownFileType = sourcecode.cpp.h; name = Protocol.hpp; path = ../../../src/Engine/include/Protocol.hpp; sourceTree = "<group>"; };
		52D13D571BB9B2BF008B5EF5 /* Server.hpp */ = {isa = PBXFileReference; fileEncoding = 4; lastKnownFileType = sourcecode.cpp.h; name = Server.hpp; path = ../../../src/Engine/include/Server.hpp; sourceTree = "<group>"; };
		52D13D581BB9B2BF008B5EF5 /* ServerAdmin.hpp */ = {isa = PBXFileReference; fileEncoding = 4; lastKnownFileType = sourcecode.cpp.h; name = ServerAdmin.hpp; path = ../../../src/Engine/include/ServerAdmin.hpp; sourceTree = "<group>"; };
		52D13D591BB9B2BF008B5EF5 /* ServerLogger.hpp */ = {isa = PBXFileReference; fileEncoding = 4; lastKnownFileType = sourcecode.cpp.h; name = ServerLogger.hpp; path = ../../../src/Engine/include/ServerLogger.hpp; sourceTree = "<group>"; };
		52D13D5A1BB9B2BF008B5EF5 /* Tournament.hpp */ = {isa = PBXFileReference; fileEncoding = 4; lastKnownFileType = sourcecode.cpp.h; name = Tournament.hpp; path = ../../../src/Engine/include/Tournament.hpp; sourceTree = "<group>"; };
		52D13D5B1BB9B2BF008B5EF5 /* TournamentCTC.hpp */ = {isa = PBXFileReference; fileEncoding = 4; lastKnownFileType = sourcecode.cpp.h; name = TournamentCTC.hpp; path = ../../../src/Engine/include/TournamentCTC.hpp; sourceTree = "<group>"; };
		52D13D5C1BB9B2BF008B5EF5 /* TournamentCTF.hpp */ = {isa = PBXFileReference; fileEncoding = 4; lastKnownFileType = sourcecode.cpp.h; name = TournamentCTF.hpp; path = ../../../src/Engine/include/TournamentCTF.hpp; sourceTree = "<group>"; };
		52D13D5D1BB9B2BF008B5EF5 /* TournamentDM.hpp */ = {isa = PBXFileReference; fileEncoding = 4; lastKnownFileType = sourcecode.cpp.h; name = TournamentDM.hpp; path = ../../../src/Engine/include/TournamentDM.hpp; sourceTree = "<group>"; };
		52D13D5E1BB9B2BF008B5EF5 /* TournamentFactory.hpp */ = {isa = PBXFileReference; fileEncoding = 4; lastKnownFileType = sourcecode.cpp.h; name = TournamentFactory.hpp; path = ../../../src/Engine/include/TournamentFactory.hpp; sourceTree = "<group>"; };
		52D13D5F1BB9B2BF008B5EF5 /* TournamentGOH.hpp */ = {isa = PBXFileReference; fileEncoding = 4; lastKnownFileType = sourcecode.cpp.h; name = TournamentGOH.hpp; path = ../../../src/Engine/include/TournamentGOH.hpp; sourceTree = "<group>"; };
		52D13D601BB9B2BF008B5EF5 /* TournamentSR.hpp */ = {isa = PBXFileReference; fileEncoding = 4; lastKnownFileType = sourcecode.cpp.h; name = TournamentSR.hpp; path = ../../../src/Engine/include/TournamentSR.hpp; sourceTree = "<group>"; };
		52D13D611BB9B2BF008B5EF5 /* TournamentTDM.hpp */ = {isa = PBXFileReference; fileEncoding = 4; lastKnownFileType = sourcecode.cpp.h; name = TournamentTDM.hpp; path = ../../../src/Engine/include/TournamentTDM.hpp; sourceTree = "<group>"; };
		52D13D621BB9B2BF008B5EF5 /* TournamentTeam.hpp */ = {isa = PBXFileReference; fileEncoding = 4; lastKnownFileType = sourcecode.cpp.h; name = TournamentTeam.hpp; path = ../../../src/Engine/include/TournamentTeam.hpp; sourceTree = "<group>"; };
		52D13D631BB9B2D0008B5EF5 /* ButtonNavigator.cpp */ = {isa = PBXFileReference; fileEncoding = 4; lastKnownFileType = sourcecode.cpp.cpp; name = ButtonNavigator.cpp; path = ../../../src/Engine/src/ButtonNavigator.cpp; sourceTree = "<group>"; };
		52D13D641BB9B2D0008B5EF5 /* Client.cpp */ = {isa = PBXFileReference; fileEncoding = 4; lastKnownFileType = sourcecode.cpp.cpp; name = Client.cpp; path = ../../../src/Engine/src/Client.cpp; sourceTree = "<group>"; };
		52D13D651BB9B2D0008B5EF5 /* ClientEvent.cpp */ = {isa = PBXFileReference; fileEncoding = 4; lastKnownFileType = sourcecode.cpp.cpp; name = ClientEvent.cpp; path = ../../../src/Engine/src/ClientEvent.cpp; sourceTree = "<group>"; };
		52D13D661BB9B2D0008B5EF5 /* ClientServer.cpp */ = {isa = PBXFileReference; fileEncoding = 4; lastKnownFileType = sourcecode.cpp.cpp; name = ClientServer.cpp; path = ../../../src/Engine/src/ClientServer.cpp; sourceTree = "<group>"; };
		52D13D671BB9B2D0008B5EF5 /* Game.cpp */ = {isa = PBXFileReference; fileEncoding = 4; lastKnownFileType = sourcecode.cpp.cpp; name = Game.cpp; path = ../../../src/Engine/src/Game.cpp; sourceTree = "<group>"; };
		52D13D681BB9B2D0008B5EF5 /* GameserverInformation.cpp */ = {isa = PBXFileReference; fileEncoding = 4; lastKnownFileType = sourcecode.cpp.cpp; name = GameserverInformation.cpp; path = ../../../src/Engine/src/GameserverInformation.cpp; sourceTree = "<group>"; };
		52D13D691BB9B2D0008B5EF5 /* KeyBinding.cpp */ = {isa = PBXFileReference; fileEncoding = 4; lastKnownFileType = sourcecode.cpp.cpp; name = KeyBinding.cpp; path = ../../../src/Engine/src/KeyBinding.cpp; sourceTree = "<group>"; };
		52D13D6A1BB9B2D0008B5EF5 /* LANBroadcaster.cpp */ = {isa = PBXFileReference; fileEncoding = 4; lastKnownFileType = sourcecode.cpp.cpp; name = LANBroadcaster.cpp; path = ../../../src/Engine/src/LANBroadcaster.cpp; sourceTree = "<group>"; };
		52D13D6B1BB9B2D0008B5EF5 /* MainMenu.cpp */ = {isa = PBXFileReference; fileEncoding = 4; lastKnownFileType = sourcecode.cpp.cpp; name = MainMenu.cpp; path = ../../../src/Engine/src/MainMenu.cpp; sourceTree = "<group>"; };
		52D13D6C1BB9B2D0008B5EF5 /* MapConfiguration.cpp */ = {isa = PBXFileReference; fileEncoding = 4; lastKnownFileType = sourcecode.cpp.cpp; name = MapConfiguration.cpp; path = ../../../src/Engine/src/MapConfiguration.cpp; sourceTree = "<group>"; };
		52D13D6D1BB9B2D0008B5EF5 /* MasterQuery.cpp */ = {isa = PBXFileReference; fileEncoding = 4; lastKnownFileType = sourcecode.cpp.cpp; name = MasterQuery.cpp; path = ../../../src/Engine/src/MasterQuery.cpp; sourceTree = "<group>"; };
		52D13D6E1BB9B2D0008B5EF5 /* MasterQueryClient.cpp */ = {isa = PBXFileReference; fileEncoding = 4; lastKnownFileType = sourcecode.cpp.cpp; name = MasterQueryClient.cpp; path = ../../../src/Engine/src/MasterQueryClient.cpp; sourceTree = "<group>"; };
		52D13D6F1BB9B2D0008B5EF5 /* MessageSequencer.cpp */ = {isa = PBXFileReference; fileEncoding = 4; lastKnownFileType = sourcecode.cpp.cpp; name = MessageSequencer.cpp; path = ../../../src/Engine/src/MessageSequencer.cpp; sourceTree = "<group>"; };
		52D13D701BB9B2D0008B5EF5 /* OptionsMenu.cpp */ = {isa = PBXFileReference; fileEncoding = 4; lastKnownFileType = sourcecode.cpp.cpp; name = OptionsMenu.cpp; path = ../../../src/Engine/src/OptionsMenu.cpp; sourceTree = "<group>"; };
		52D13D711BB9B2D0008B5EF5 /* Player.cpp */ = {isa = PBXFileReference; fileEncoding = 4; lastKnownFileType = sourcecode.cpp.cpp; name = Player.cpp; path = ../../../src/Engine/src/Player.cpp; sourceTree = "<group>"; };
		52D13D721BB9B2D0008B5EF5 /* Server.cpp */ = {isa = PBXFileReference; fileEncoding = 4; lastKnownFileType = sourcecode.cpp.cpp; name = Server.cpp; path = ../../../src/Engine/src/Server.cpp; sourceTree = "<group>"; };
		52D13D731BB9B2D0008B5EF5 /* ServerAdmin.cpp */ = {isa = PBXFileReference; fileEncoding = 4; lastKnownFileType = sourcecode.cpp.cpp; name = ServerAdmin.cpp; path = ../../../src/Engine/src/ServerAdmin.cpp; sourceTree = "<group>"; };
		52D13D741BB9B2D0008B5EF5 /* ServerLogger.cpp */ = {isa = PBXFileReference; fileEncoding = 4; lastKnownFileType = sourcecode.cpp.cpp; name = ServerLogger.cpp; path = ../../../src/Engine/src/ServerLogger.cpp; sourceTree = "<group>"; };
		52D13D751BB9B2D0008B5EF5 /* Tournament.cpp */ = {isa = PBXFileReference; fileEncoding = 4; lastKnownFileType = sourcecode.cpp.cpp; name = Tournament.cpp; path = ../../../src/Engine/src/Tournament.cpp; sourceTree = "<group>"; };
		52D13D761BB9B2D0008B5EF5 /* TournamentCTC.cpp */ = {isa = PBXFileReference; fileEncoding = 4; lastKnownFileType = sourcecode.cpp.cpp; name = TournamentCTC.cpp; path = ../../../src/Engine/src/TournamentCTC.cpp; sourceTree = "<group>"; };
		52D13D771BB9B2D0008B5EF5 /* TournamentCTF.cpp */ = {isa = PBXFileReference; fileEncoding = 4; lastKnownFileType = sourcecode.cpp.cpp; name = TournamentCTF.cpp; path = ../../../src/Engine/src/TournamentCTF.cpp; sourceTree = "<group>"; };
		52D13D781BB9B2D0008B5EF5 /* TournamentDM.cpp */ = {isa = PBXFileReference; fileEncoding = 4; lastKnownFileType = sourcecode.cpp.cpp; name = TournamentDM.cpp; path = ../../../src/Engine/src/TournamentDM.cpp; sourceTree = "<group>"; };
		52D13D791BB9B2D0008B5EF5 /* TournamentDraw.cpp */ = {isa = PBXFileReference; fileEncoding = 4; lastKnownFileType = sourcecode.cpp.cpp; name = TournamentDraw.cpp; path = ../../../src/Engine/src/TournamentDraw.cpp; sourceTree = "<group>"; };
		52D13D7A1BB9B2D0008B5EF5 /* TournamentFactory.cpp */ = {isa = PBXFileReference; fileEncoding = 4; lastKnownFileType = sourcecode.cpp.cpp; name = TournamentFactory.cpp; path = ../../../src/Engine/src/TournamentFactory.cpp; sourceTree = "<group>"; };
		52D13D7B1BB9B2D0008B5EF5 /* TournamentGOH.cpp */ = {isa = PBXFileReference; fileEncoding = 4; lastKnownFileType = sourcecode.cpp.cpp; name = TournamentGOH.cpp; path = ../../../src/Engine/src/TournamentGOH.cpp; sourceTree = "<group>"; };
		52D13D7C1BB9B2D0008B5EF5 /* TournamentNPC.cpp */ = {isa = PBXFileReference; fileEncoding = 4; lastKnownFileType = sourcecode.cpp.cpp; name = TournamentNPC.cpp; path = ../../../src/Engine/src/TournamentNPC.cpp; sourceTree = "<group>"; };
		52D13D7D1BB9B2D0008B5EF5 /* TournamentPhysics.cpp */ = {isa = PBXFileReference; fileEncoding = 4; lastKnownFileType = sourcecode.cpp.cpp; name = TournamentPhysics.cpp; path = ../../../src/Engine/src/TournamentPhysics.cpp; sourceTree = "<group>"; };
		52D13D7E1BB9B2D0008B5EF5 /* TournamentSpectator.cpp */ = {isa = PBXFileReference; fileEncoding = 4; lastKnownFileType = sourcecode.cpp.cpp; name = TournamentSpectator.cpp; path = ../../../src/Engine/src/TournamentSpectator.cpp; sourceTree = "<group>"; };
		52D13D7F1BB9B2D0008B5EF5 /* TournamentSR.cpp */ = {isa = PBXFileReference; fileEncoding = 4; lastKnownFileType = sourcecode.cpp.cpp; name = TournamentSR.cpp; path = ../../../src/Engine/src/TournamentSR.cpp; sourceTree = "<group>"; };
		52D13D801BB9B2D0008B5EF5 /* TournamentStates.cpp */ = {isa = PBXFileReference; fileEncoding = 4; lastKnownFileType = sourcecode.cpp.cpp; name = TournamentStates.cpp; path = ../../../src/Engine/src/TournamentStates.cpp; sourceTree = "<group>"; };
		52D13D811BB9B2D0008B5EF5 /* TournamentTDM.cpp */ = {isa = PBXFileReference; fileEncoding = 4; lastKnownFileType = sourcecode.cpp.cpp; name = TournamentTDM.cpp; path = ../../../src/Engine/src/TournamentTDM.cpp; sourceTree = "<group>"; };
		52D13D821BB9B2D0008B5EF5 /* TournamentTeam.cpp */ = {isa = PBXFileReference; fileEncoding = 4; lastKnownFileType = sourcecode.cpp.cpp; name = TournamentTeam.cpp; path = ../../../src/Engine/src/TournamentTeam.cpp; sourceTree = "<group>"; };
		52D13D831BB9B2D0008B5EF5 /* TournamentWeapons.cpp */ = {isa = PBXFileReference; fileEncoding = 4; lastKnownFileType = sourcecode.cpp.cpp; name = TournamentWeapons.cpp; path = ../../../src/Engine/src/TournamentWeapons.cpp; sourceTree = "<group>"; };
		EC7CFF6A1B345BCC001F3D45 /* Goat Attack.app */ = {isa = PBXFileReference; explicitFileType = wrapper.application; includeInIndex = 0; path = "Goat Attack.app"; sourceTree = BUILT_PRODUCTS_DIR; };
		EC850B4C1B34446500D90F2A /* frederic.icns */ = {isa = PBXFileReference; lastKnownFileType = image.icns; path = frederic.icns; sourceTree = "<group>"; };
		ECA479971D2BCDE7009D6C1F /* CRC64.hpp */ = {isa = PBXFileReference; fileEncoding = 4; lastKnownFileType = sourcecode.cpp.h; path = CRC64.hpp; sourceTree = "<group>"; };
		ECA479981D2BCDE7009D6C1F /* Scope.hpp */ = {isa = PBXFileReference; fileEncoding = 4; lastKnownFileType = sourcecode.cpp.h; path = Scope.hpp; sourceTree = "<group>"; };
		ECA479991D2BCDE7009D6C1F /* TextMessageSystem.hpp */ = {isa = PBXFileReference; fileEncoding = 4; lastKnownFileType = sourcecode.cpp.h; path = TextMessageSystem.hpp; sourceTree = "<group>"; };
		ECA4799A1D2BCE0D009D6C1F /* CRC64.cpp */ = {isa = PBXFileReference; fileEncoding = 4; lastKnownFileType = sourcecode.cpp.cpp; path = CRC64.cpp; sourceTree = "<group>"; };
		ECA4799B1D2BCE0D009D6C1F /* TextMessageSystem.cpp */ = {isa = PBXFileReference; fileEncoding = 4; lastKnownFileType = sourcecode.cpp.cpp; path = TextMessageSystem.cpp; sourceTree = "<group>"; };
/* End PBXFileReference section */

/* Begin PBXFrameworksBuildPhase section */
		528B25DF1B33584000849A91 /* Frameworks */ = {
			isa = PBXFrameworksBuildPhase;
			buildActionMask = 2147483647;
			files = (
				528B25E61B33584000849A91 /* Cocoa.framework in Frameworks */,
				EC850B471B34323100D90F2A /* SDL2.framework in Frameworks */,
				EC850B4A1B34323D00D90F2A /* SDL2_mixer.framework in Frameworks */,
				52B463A01B3365BC00C36A94 /* OpenGL.framework in Frameworks */,
				524E10511B33757A00AF62C4 /* libpng16.16.dylib in Frameworks */,
			);
			runOnlyForDeploymentPostprocessing = 0;
		};
/* End PBXFrameworksBuildPhase section */

/* Begin PBXGroup section */
		524E0F941B33747D00AF62C4 /* shared */ = {
			isa = PBXGroup;
			children = (
				524E0F951B33747D00AF62C4 /* include */,
				524E0FC11B33747D00AF62C4 /* src */,
				524E0FEB1B33747D00AF62C4 /* zlib */,
			);
			name = shared;
			path = ../../../src/shared;
			sourceTree = "<group>";
		};
		524E0F951B33747D00AF62C4 /* include */ = {
			isa = PBXGroup;
			children = (
				ECA479971D2BCDE7009D6C1F /* CRC64.hpp */,
				ECA479981D2BCDE7009D6C1F /* Scope.hpp */,
				ECA479991D2BCDE7009D6C1F /* TextMessageSystem.hpp */,
				5268D6DA1BA0A39800399464 /* AABB.hpp */,
				5268D6DB1BA0A39800399464 /* Animation.hpp */,
				5268D6DC1BA0A39800399464 /* Audio.hpp */,
				5268D6DD1BA0A39800399464 /* AudioNull.hpp */,
				5268D6DE1BA0A39800399464 /* AudioSDL.hpp */,
				5268D6DF1BA0A39800399464 /* Background.hpp */,
				5268D6E01BA0A39800399464 /* Characterset.hpp */,
				5268D6E11BA0A39800399464 /* Configuration.hpp */,
				5268D6E21BA0A39800399464 /* Directory.hpp */,
				5268D6E31BA0A39800399464 /* Exception.hpp */,
				5268D6E41BA0A39800399464 /* Font.hpp */,
				5268D6E51BA0A39800399464 /* Globals.hpp */,
				5268D6E61BA0A39800399464 /* Gui.hpp */,
				5268D6E71BA0A39800399464 /* GuiObject.hpp */,
				5268D6E81BA0A39800399464 /* Icon.hpp */,
				5268D6E91BA0A39800399464 /* KeyValue.hpp */,
				5268D6EA1BA0A39800399464 /* Lightmap.hpp */,
				5268D6EB1BA0A39800399464 /* Map.hpp */,
				5268D6EC1BA0A39800399464 /* Movable.hpp */,
				5268D6ED1BA0A39800399464 /* Music.hpp */,
				5268D6EE1BA0A39800399464 /* Mutex.hpp */,
				5268D6EF1BA0A39800399464 /* NPC.hpp */,
				5268D6F01BA0A39800399464 /* Object.hpp */,
				5268D6F11BA0A39800399464 /* PNG.hpp */,
				5268D6F21BA0A39800399464 /* Properties.hpp */,
				5268D6F31BA0A39800399464 /* Resources.hpp */,
				5268D6F41BA0A39800399464 /* ScopeAllocator.hpp */,
				5268D6F51BA0A39800399464 /* ScopeCollector.hpp */,
				5268D6F71BA0A39800399464 /* Sound.hpp */,
				5268D6F81BA0A39800399464 /* Subsystem.hpp */,
				5268D6F91BA0A39800399464 /* SubsystemNull.hpp */,
				5268D6FA1BA0A39800399464 /* SubsystemSDL.hpp */,
				5268D6FB1BA0A39800399464 /* TCPSocket.hpp */,
				5268D6FC1BA0A39800399464 /* Thread.hpp */,
				5268D6FD1BA0A39800399464 /* Tile.hpp */,
				5268D6FE1BA0A39800399464 /* TileGraphic.hpp */,
				5268D6FF1BA0A39800399464 /* TileGraphicGL.hpp */,
				5268D7001BA0A39800399464 /* TileGraphicNull.hpp */,
				5268D7011BA0A39800399464 /* Tileset.hpp */,
				5268D7021BA0A39800399464 /* Timing.hpp */,
				5268D7031BA0A39800399464 /* UDPSocket.hpp */,
				5268D7041BA0A39800399464 /* Utils.hpp */,
				5268D7051BA0A39800399464 /* Zip.hpp */,
				5268D7061BA0A39800399464 /* ZipReader.hpp */,
				5268D7071BA0A39800399464 /* ZipWriter.hpp */,
			);
			path = include;
			sourceTree = "<group>";
		};
		524E0FC11B33747D00AF62C4 /* src */ = {
			isa = PBXGroup;
			children = (
				ECA4799A1D2BCE0D009D6C1F /* CRC64.cpp */,
				ECA4799B1D2BCE0D009D6C1F /* TextMessageSystem.cpp */,
				5268D6821BA0A38E00399464 /* AABB.cpp */,
				5268D6831BA0A38E00399464 /* Animation.cpp */,
				5268D6841BA0A38E00399464 /* Audio.cpp */,
				5268D6851BA0A38E00399464 /* AudioNull.cpp */,
				5268D6861BA0A38E00399464 /* AudioSDL.cpp */,
				5268D6871BA0A38E00399464 /* Background.cpp */,
				5268D6881BA0A38E00399464 /* Characterset.cpp */,
				5268D6891BA0A38E00399464 /* Configuration.cpp */,
				5268D68A1BA0A38E00399464 /* Directory.cpp */,
				5268D68B1BA0A38E00399464 /* Exception.cpp */,
				5268D68C1BA0A38E00399464 /* Font.cpp */,
				5268D68D1BA0A38E00399464 /* Globals.cpp */,
				5268D68E1BA0A38E00399464 /* Gui.cpp */,
				5268D68F1BA0A38E00399464 /* GuiObject.cpp */,
				5268D6901BA0A38E00399464 /* Icon.cpp */,
				5268D6911BA0A38E00399464 /* KeyValue.cpp */,
				5268D6921BA0A38E00399464 /* Lightmap.cpp */,
				5268D6931BA0A38E00399464 /* Map.cpp */,
				5268D6941BA0A38E00399464 /* Movable.cpp */,
				5268D6951BA0A38E00399464 /* Music.cpp */,
				5268D6961BA0A38E00399464 /* Mutex.cpp */,
				5268D6971BA0A38E00399464 /* NPC.cpp */,
				5268D6981BA0A38E00399464 /* Object.cpp */,
				5268D6991BA0A38E00399464 /* PNG.cpp */,
				5268D69A1BA0A38E00399464 /* Properties.cpp */,
				5268D69B1BA0A38E00399464 /* Resources.cpp */,
				5268D69D1BA0A38E00399464 /* Sound.cpp */,
				5268D69E1BA0A38E00399464 /* Subsystem.cpp */,
				5268D69F1BA0A38E00399464 /* SubsystemNull.cpp */,
				5268D6A01BA0A38E00399464 /* SubsystemSDL.cpp */,
				5268D6A11BA0A38E00399464 /* TCPSocket.cpp */,
				5268D6A21BA0A38E00399464 /* Thread.cpp */,
				5268D6A31BA0A38E00399464 /* Tile.cpp */,
				5268D6A41BA0A38E00399464 /* TileGraphic.cpp */,
				5268D6A51BA0A38E00399464 /* TileGraphicGL.cpp */,
				5268D6A61BA0A38E00399464 /* TileGraphicNull.cpp */,
				5268D6A71BA0A38E00399464 /* Tileset.cpp */,
				5268D6A81BA0A38E00399464 /* Timing.cpp */,
				5268D6A91BA0A38E00399464 /* UDPSocket.cpp */,
				5268D6AA1BA0A38E00399464 /* Utils.cpp */,
				5268D6AB1BA0A38E00399464 /* Zip.cpp */,
				5268D6AC1BA0A38E00399464 /* ZipReader.cpp */,
				5268D6AD1BA0A38E00399464 /* ZipWriter.cpp */,
			);
			path = src;
			sourceTree = "<group>";
		};
		524E0FEB1B33747D00AF62C4 /* zlib */ = {
			isa = PBXGroup;
			children = (
				524E0FEC1B33747D00AF62C4 /* adler32.c */,
				524E0FED1B33747D00AF62C4 /* crc32.c */,
				524E0FEE1B33747D00AF62C4 /* crc32.h */,
				524E0FEF1B33747D00AF62C4 /* gzguts.h */,
				524E0FF01B33747D00AF62C4 /* inffast.c */,
				524E0FF11B33747D00AF62C4 /* inffast.h */,
				524E0FF21B33747D00AF62C4 /* inffixed.h */,
				524E0FF31B33747D00AF62C4 /* inflate.c */,
				524E0FF41B33747D00AF62C4 /* inflate.h */,
				524E0FF51B33747D00AF62C4 /* inftrees.c */,
				524E0FF61B33747D00AF62C4 /* inftrees.h */,
				524E0FF71B33747D00AF62C4 /* zconf.h */,
				524E0FF81B33747D00AF62C4 /* zlib.h */,
				524E0FF91B33747D00AF62C4 /* zutil.c */,
				524E0FFA1B33747D00AF62C4 /* zutil.h */,
			);
			path = zlib;
			sourceTree = "<group>";
		};
		528B25D91B33584000849A91 = {
			isa = PBXGroup;
			children = (
				524E12121B33768400AF62C4 /* data */,
				528B25EB1B33584000849A91 /* goatattack */,
				528B25E41B33584000849A91 /* Frameworks */,
				EC7CFF6A1B345BCC001F3D45 /* Goat Attack.app */,
			);
			sourceTree = "<group>";
		};
		528B25E41B33584000849A91 /* Frameworks */ = {
			isa = PBXGroup;
			children = (
				524E10501B33757A00AF62C4 /* libpng16.16.dylib */,
				524E104A1B33753A00AF62C4 /* SDL2_mixer.framework */,
				524E104B1B33753A00AF62C4 /* SDL2.framework */,
				52B4639F1B3365BC00C36A94 /* OpenGL.framework */,
				528B25E51B33584000849A91 /* Cocoa.framework */,
				528B25E71B33584000849A91 /* Other Frameworks */,
			);
			name = Frameworks;
			sourceTree = "<group>";
		};
		528B25E71B33584000849A91 /* Other Frameworks */ = {
			isa = PBXGroup;
			children = (
				528B25E81B33584000849A91 /* AppKit.framework */,
				528B25E91B33584000849A91 /* CoreData.framework */,
				528B25EA1B33584000849A91 /* Foundation.framework */,
			);
			name = "Other Frameworks";
			sourceTree = "<group>";
		};
		528B25EB1B33584000849A91 /* goatattack */ = {
			isa = PBXGroup;
			children = (
				52C389C01BA0A265002208C5 /* Engine */,
				524E0F941B33747D00AF62C4 /* shared */,
				52B4639B1B3362A700C36A94 /* libpng */,
				528B25FD1B33584000849A91 /* Images.xcassets */,
				528B25EC1B33584000849A91 /* Supporting Files */,
			);
			path = goatattack;
			sourceTree = "<group>";
		};
		528B25EC1B33584000849A91 /* Supporting Files */ = {
			isa = PBXGroup;
			children = (
				EC850B4C1B34446500D90F2A /* frederic.icns */,
				528B25ED1B33584000849A91 /* Goat Attack-Info.plist */,
				528B25EE1B33584000849A91 /* InfoPlist.strings */,
				528B25F31B33584000849A91 /* Goat Attack-Prefix.pch */,
			);
			name = "Supporting Files";
			sourceTree = "<group>";
		};
		52B4639B1B3362A700C36A94 /* libpng */ = {
			isa = PBXGroup;
			children = (
				524E10471B3374C900AF62C4 /* png.h */,
				524E10481B3374C900AF62C4 /* pngconf.h */,
				524E10491B3374C900AF62C4 /* pnglibconf.h */,
			);
			name = libpng;
			sourceTree = "<group>";
		};
		52C389C01BA0A265002208C5 /* Engine */ = {
			isa = PBXGroup;
			children = (
				52C38A121BA0A2A4002208C5 /* main.cpp */,
				52C389C11BA0A26A002208C5 /* include */,
				52C389C21BA0A26F002208C5 /* src */,
			);
			name = Engine;
			sourceTree = "<group>";
		};
		52C389C11BA0A26A002208C5 /* include */ = {
			isa = PBXGroup;
			children = (
				52D13D471BB9B2BF008B5EF5 /* ButtonNavigator.hpp */,
				52D13D481BB9B2BF008B5EF5 /* Client.hpp */,
				52D13D491BB9B2BF008B5EF5 /* ClientServer.hpp */,
				52D13D4A1BB9B2BF008B5EF5 /* Game.hpp */,
				52D13D4B1BB9B2BF008B5EF5 /* GameProtocol.hpp */,
				52D13D4C1BB9B2BF008B5EF5 /* GameserverInformation.hpp */,
				52D13D4D1BB9B2BF008B5EF5 /* KeyBinding.hpp */,
				52D13D4E1BB9B2BF008B5EF5 /* LANBroadcaster.hpp */,
				52D13D4F1BB9B2BF008B5EF5 /* MainMenu.hpp */,
				52D13D501BB9B2BF008B5EF5 /* MapConfiguration.hpp */,
				52D13D511BB9B2BF008B5EF5 /* MasterQuery.hpp */,
				52D13D521BB9B2BF008B5EF5 /* MasterQueryClient.hpp */,
				52D13D531BB9B2BF008B5EF5 /* MessageSequencer.hpp */,
				52D13D541BB9B2BF008B5EF5 /* OptionsMenu.hpp */,
				52D13D551BB9B2BF008B5EF5 /* Player.hpp */,
				52D13D561BB9B2BF008B5EF5 /* Protocol.hpp */,
				52D13D571BB9B2BF008B5EF5 /* Server.hpp */,
				52D13D581BB9B2BF008B5EF5 /* ServerAdmin.hpp */,
				52D13D591BB9B2BF008B5EF5 /* ServerLogger.hpp */,
				52D13D5A1BB9B2BF008B5EF5 /* Tournament.hpp */,
				52D13D5B1BB9B2BF008B5EF5 /* TournamentCTC.hpp */,
				52D13D5C1BB9B2BF008B5EF5 /* TournamentCTF.hpp */,
				52D13D5D1BB9B2BF008B5EF5 /* TournamentDM.hpp */,
				52D13D5E1BB9B2BF008B5EF5 /* TournamentFactory.hpp */,
				52D13D5F1BB9B2BF008B5EF5 /* TournamentGOH.hpp */,
				52D13D601BB9B2BF008B5EF5 /* TournamentSR.hpp */,
				52D13D611BB9B2BF008B5EF5 /* TournamentTDM.hpp */,
				52D13D621BB9B2BF008B5EF5 /* TournamentTeam.hpp */,
			);
			name = include;
			sourceTree = "<group>";
		};
		52C389C21BA0A26F002208C5 /* src */ = {
			isa = PBXGroup;
			children = (
				52D13D631BB9B2D0008B5EF5 /* ButtonNavigator.cpp */,
				52D13D641BB9B2D0008B5EF5 /* Client.cpp */,
				52D13D651BB9B2D0008B5EF5 /* ClientEvent.cpp */,
				52D13D661BB9B2D0008B5EF5 /* ClientServer.cpp */,
				52D13D671BB9B2D0008B5EF5 /* Game.cpp */,
				52D13D681BB9B2D0008B5EF5 /* GameserverInformation.cpp */,
				52D13D691BB9B2D0008B5EF5 /* KeyBinding.cpp */,
				52D13D6A1BB9B2D0008B5EF5 /* LANBroadcaster.cpp */,
				52D13D6B1BB9B2D0008B5EF5 /* MainMenu.cpp */,
				52D13D6C1BB9B2D0008B5EF5 /* MapConfiguration.cpp */,
				52D13D6D1BB9B2D0008B5EF5 /* MasterQuery.cpp */,
				52D13D6E1BB9B2D0008B5EF5 /* MasterQueryClient.cpp */,
				52D13D6F1BB9B2D0008B5EF5 /* MessageSequencer.cpp */,
				52D13D701BB9B2D0008B5EF5 /* OptionsMenu.cpp */,
				52D13D711BB9B2D0008B5EF5 /* Player.cpp */,
				52D13D721BB9B2D0008B5EF5 /* Server.cpp */,
				52D13D731BB9B2D0008B5EF5 /* ServerAdmin.cpp */,
				52D13D741BB9B2D0008B5EF5 /* ServerLogger.cpp */,
				52D13D751BB9B2D0008B5EF5 /* Tournament.cpp */,
				52D13D761BB9B2D0008B5EF5 /* TournamentCTC.cpp */,
				52D13D771BB9B2D0008B5EF5 /* TournamentCTF.cpp */,
				52D13D781BB9B2D0008B5EF5 /* TournamentDM.cpp */,
				52D13D791BB9B2D0008B5EF5 /* TournamentDraw.cpp */,
				52D13D7A1BB9B2D0008B5EF5 /* TournamentFactory.cpp */,
				52D13D7B1BB9B2D0008B5EF5 /* TournamentGOH.cpp */,
				52D13D7C1BB9B2D0008B5EF5 /* TournamentNPC.cpp */,
				52D13D7D1BB9B2D0008B5EF5 /* TournamentPhysics.cpp */,
				52D13D7E1BB9B2D0008B5EF5 /* TournamentSpectator.cpp */,
				52D13D7F1BB9B2D0008B5EF5 /* TournamentSR.cpp */,
				52D13D801BB9B2D0008B5EF5 /* TournamentStates.cpp */,
				52D13D811BB9B2D0008B5EF5 /* TournamentTDM.cpp */,
				52D13D821BB9B2D0008B5EF5 /* TournamentTeam.cpp */,
				52D13D831BB9B2D0008B5EF5 /* TournamentWeapons.cpp */,
			);
			name = src;
			sourceTree = "<group>";
		};
/* End PBXGroup section */

/* Begin PBXNativeTarget section */
		528B25E11B33584000849A91 /* Goat Attack */ = {
			isa = PBXNativeTarget;
			buildConfigurationList = 528B26131B33584000849A91 /* Build configuration list for PBXNativeTarget "Goat Attack" */;
			buildPhases = (
				528B25DE1B33584000849A91 /* Sources */,
				528B25DF1B33584000849A91 /* Frameworks */,
				528B25E01B33584000849A91 /* Resources */,
				524E0D9F1B33723400AF62C4 /* Copy libraries to to bundle */,
				EC850B491B34323100D90F2A /* Embed Frameworks */,
			);
			buildRules = (
			);
			dependencies = (
			);
			name = "Goat Attack";
			productName = goatattack;
			productReference = EC7CFF6A1B345BCC001F3D45 /* Goat Attack.app */;
			productType = "com.apple.product-type.application";
		};
/* End PBXNativeTarget section */

/* Begin PBXProject section */
		528B25DA1B33584000849A91 /* Project object */ = {
			isa = PBXProject;
			attributes = {
				LastUpgradeCheck = 0700;
				ORGANIZATIONNAME = "Philippe Widmer";
			};
			buildConfigurationList = 528B25DD1B33584000849A91 /* Build configuration list for PBXProject "Goat Attack" */;
			compatibilityVersion = "Xcode 3.2";
			developmentRegion = English;
			hasScannedForEncodings = 0;
			knownRegions = (
				en,
				Base,
			);
			mainGroup = 528B25D91B33584000849A91;
			productRefGroup = 528B25D91B33584000849A91;
			projectDirPath = "";
			projectRoot = "";
			targets = (
				528B25E11B33584000849A91 /* Goat Attack */,
			);
		};
/* End PBXProject section */

/* Begin PBXResourcesBuildPhase section */
		528B25E01B33584000849A91 /* Resources */ = {
			isa = PBXResourcesBuildPhase;
			buildActionMask = 2147483647;
			files = (
				EC850B4D1B34446500D90F2A /* frederic.icns in Resources */,
				524E12131B33768400AF62C4 /* data in Resources */,
			);
			runOnlyForDeploymentPostprocessing = 0;
		};
/* End PBXResourcesBuildPhase section */

/* Begin PBXSourcesBuildPhase section */
		528B25DE1B33584000849A91 /* Sources */ = {
			isa = PBXSourcesBuildPhase;
			buildActionMask = 2147483647;
			files = (
				5268D6B41BA0A38E00399464 /* Characterset.cpp in Sources */,
				5268D6BC1BA0A38E00399464 /* Icon.cpp in Sources */,
				5268D6D51BA0A38E00399464 /* UDPSocket.cpp in Sources */,
				524E10441B33747D00AF62C4 /* inflate.c in Sources */,
				5268D6CE1BA0A38E00399464 /* Thread.cpp in Sources */,
				5268D6C51BA0A38E00399464 /* PNG.cpp in Sources */,
				52D13D8E1BB9B2D0008B5EF5 /* MasterQuery.cpp in Sources */,
				ECA4799C1D2BCE0D009D6C1F /* CRC64.cpp in Sources */,
				5268D6D41BA0A38E00399464 /* Timing.cpp in Sources */,
				5268D6CC1BA0A38E00399464 /* SubsystemSDL.cpp in Sources */,
				5268D6BE1BA0A38E00399464 /* Lightmap.cpp in Sources */,
				52D13D971BB9B2D0008B5EF5 /* TournamentCTC.cpp in Sources */,
				52D13D8B1BB9B2D0008B5EF5 /* LANBroadcaster.cpp in Sources */,
				52D13D9E1BB9B2D0008B5EF5 /* TournamentPhysics.cpp in Sources */,
				5268D6CA1BA0A38E00399464 /* Subsystem.cpp in Sources */,
				524E10431B33747D00AF62C4 /* inffast.c in Sources */,
				52D13D991BB9B2D0008B5EF5 /* TournamentDM.cpp in Sources */,
				5268D6B21BA0A38E00399464 /* AudioSDL.cpp in Sources */,
				524E10411B33747D00AF62C4 /* adler32.c in Sources */,
				5268D6B71BA0A38E00399464 /* Exception.cpp in Sources */,
				52D13D9B1BB9B2D0008B5EF5 /* TournamentFactory.cpp in Sources */,
				5268D6BB1BA0A38E00399464 /* GuiObject.cpp in Sources */,
				52D13D861BB9B2D0008B5EF5 /* ClientEvent.cpp in Sources */,
				52D13D9A1BB9B2D0008B5EF5 /* TournamentDraw.cpp in Sources */,
				52D13D9D1BB9B2D0008B5EF5 /* TournamentNPC.cpp in Sources */,
				5268D6C61BA0A38E00399464 /* Properties.cpp in Sources */,
				52D13D9F1BB9B2D0008B5EF5 /* TournamentSpectator.cpp in Sources */,
				52D13DA11BB9B2D0008B5EF5 /* TournamentStates.cpp in Sources */,
				52D13D981BB9B2D0008B5EF5 /* TournamentCTF.cpp in Sources */,
				52D13D8A1BB9B2D0008B5EF5 /* KeyBinding.cpp in Sources */,
				52D13D8C1BB9B2D0008B5EF5 /* MainMenu.cpp in Sources */,
				5268D6C71BA0A38E00399464 /* Resources.cpp in Sources */,
				52D13D911BB9B2D0008B5EF5 /* OptionsMenu.cpp in Sources */,
				52D13D951BB9B2D0008B5EF5 /* ServerLogger.cpp in Sources */,
				52D13D961BB9B2D0008B5EF5 /* Tournament.cpp in Sources */,
				5268D6D61BA0A38E00399464 /* Utils.cpp in Sources */,
				5268D6D21BA0A38E00399464 /* TileGraphicNull.cpp in Sources */,
				52D13DA01BB9B2D0008B5EF5 /* TournamentSR.cpp in Sources */,
				5268D6CD1BA0A38E00399464 /* TCPSocket.cpp in Sources */,
				5268D6D01BA0A38E00399464 /* TileGraphic.cpp in Sources */,
				5268D6C31BA0A38E00399464 /* NPC.cpp in Sources */,
				52D13D931BB9B2D0008B5EF5 /* Server.cpp in Sources */,
				5268D6B81BA0A38E00399464 /* Font.cpp in Sources */,
				52D13D841BB9B2D0008B5EF5 /* ButtonNavigator.cpp in Sources */,
				5268D6BF1BA0A38E00399464 /* Map.cpp in Sources */,
				524E10451B33747D00AF62C4 /* inftrees.c in Sources */,
				52D13D881BB9B2D0008B5EF5 /* Game.cpp in Sources */,
				5268D6D31BA0A38E00399464 /* Tileset.cpp in Sources */,
				5268D6B01BA0A38E00399464 /* Audio.cpp in Sources */,
				ECA4799D1D2BCE0D009D6C1F /* TextMessageSystem.cpp in Sources */,
				52D13DA31BB9B2D0008B5EF5 /* TournamentTeam.cpp in Sources */,
				5268D6B61BA0A38E00399464 /* Directory.cpp in Sources */,
				52D13D871BB9B2D0008B5EF5 /* ClientServer.cpp in Sources */,
				52D13DA21BB9B2D0008B5EF5 /* TournamentTDM.cpp in Sources */,
				524E10461B33747D00AF62C4 /* zutil.c in Sources */,
				52D13D921BB9B2D0008B5EF5 /* Player.cpp in Sources */,
				5268D6C21BA0A38E00399464 /* Mutex.cpp in Sources */,
				5268D6D81BA0A38E00399464 /* ZipReader.cpp in Sources */,
				52D13D9C1BB9B2D0008B5EF5 /* TournamentGOH.cpp in Sources */,
				5268D6AE1BA0A38E00399464 /* AABB.cpp in Sources */,
				52D13D8F1BB9B2D0008B5EF5 /* MasterQueryClient.cpp in Sources */,
				52D13D851BB9B2D0008B5EF5 /* Client.cpp in Sources */,
				5268D6B91BA0A38E00399464 /* Globals.cpp in Sources */,
				5268D6B11BA0A38E00399464 /* AudioNull.cpp in Sources */,
				5268D6C41BA0A38E00399464 /* Object.cpp in Sources */,
				5268D6BD1BA0A38E00399464 /* KeyValue.cpp in Sources */,
				5268D6D91BA0A38E00399464 /* ZipWriter.cpp in Sources */,
				5268D6C01BA0A38E00399464 /* Movable.cpp in Sources */,
				52D13D8D1BB9B2D0008B5EF5 /* MapConfiguration.cpp in Sources */,
				5268D6B51BA0A38E00399464 /* Configuration.cpp in Sources */,
				5268D6CB1BA0A38E00399464 /* SubsystemNull.cpp in Sources */,
				5268D6C11BA0A38E00399464 /* Music.cpp in Sources */,
				5268D6C91BA0A38E00399464 /* Sound.cpp in Sources */,
				52D13D901BB9B2D0008B5EF5 /* MessageSequencer.cpp in Sources */,
				52D13DA41BB9B2D0008B5EF5 /* TournamentWeapons.cpp in Sources */,
				5268D6AF1BA0A38E00399464 /* Animation.cpp in Sources */,
				52D13D891BB9B2D0008B5EF5 /* GameserverInformation.cpp in Sources */,
				5268D6D71BA0A38E00399464 /* Zip.cpp in Sources */,
				52D13D941BB9B2D0008B5EF5 /* ServerAdmin.cpp in Sources */,
				5268D6B31BA0A38E00399464 /* Background.cpp in Sources */,
				5268D6D11BA0A38E00399464 /* TileGraphicGL.cpp in Sources */,
				524E10421B33747D00AF62C4 /* crc32.c in Sources */,
				5268D6BA1BA0A38E00399464 /* Gui.cpp in Sources */,
				52C38A131BA0A2A4002208C5 /* main.cpp in Sources */,
				5268D6CF1BA0A38E00399464 /* Tile.cpp in Sources */,
			);
			runOnlyForDeploymentPostprocessing = 0;
		};
/* End PBXSourcesBuildPhase section */

/* Begin PBXVariantGroup section */
		528B25EE1B33584000849A91 /* InfoPlist.strings */ = {
			isa = PBXVariantGroup;
			children = (
				528B25EF1B33584000849A91 /* en */,
			);
			name = InfoPlist.strings;
			sourceTree = "<group>";
		};
/* End PBXVariantGroup section */

/* Begin XCBuildConfiguration section */
		528B26111B33584000849A91 /* Debug */ = {
			isa = XCBuildConfiguration;
			buildSettings = {
				ALWAYS_SEARCH_USER_PATHS = NO;
				CLANG_CXX_LANGUAGE_STANDARD = "gnu++0x";
				CLANG_CXX_LIBRARY = "libc++";
				CLANG_ENABLE_OBJC_ARC = YES;
				CLANG_WARN_BOOL_CONVERSION = YES;
				CLANG_WARN_CONSTANT_CONVERSION = YES;
				CLANG_WARN_DIRECT_OBJC_ISA_USAGE = YES_ERROR;
				CLANG_WARN_EMPTY_BODY = YES;
				CLANG_WARN_ENUM_CONVERSION = YES;
				CLANG_WARN_INT_CONVERSION = YES;
				CLANG_WARN_OBJC_ROOT_CLASS = YES_ERROR;
				CLANG_WARN__DUPLICATE_METHOD_MATCH = YES;
				COPY_PHASE_STRIP = NO;
				ENABLE_TESTABILITY = YES;
				GCC_C_LANGUAGE_STANDARD = gnu99;
				GCC_DYNAMIC_NO_PIC = NO;
				GCC_ENABLE_OBJC_EXCEPTIONS = YES;
				GCC_OPTIMIZATION_LEVEL = 0;
				GCC_PREPROCESSOR_DEFINITIONS = (
					"DEBUG=1",
					"$(inherited)",
				);
				GCC_SYMBOLS_PRIVATE_EXTERN = NO;
				GCC_WARN_64_TO_32_BIT_CONVERSION = YES;
				GCC_WARN_ABOUT_RETURN_TYPE = YES_ERROR;
				GCC_WARN_UNDECLARED_SELECTOR = YES;
				GCC_WARN_UNINITIALIZED_AUTOS = YES;
				GCC_WARN_UNUSED_FUNCTION = YES;
				GCC_WARN_UNUSED_VARIABLE = YES;
				MACOSX_DEPLOYMENT_TARGET = 10.8;
				ONLY_ACTIVE_ARCH = YES;
				SDKROOT = macosx;
			};
			name = Debug;
		};
		528B26121B33584000849A91 /* Release */ = {
			isa = XCBuildConfiguration;
			buildSettings = {
				ALWAYS_SEARCH_USER_PATHS = NO;
				CLANG_CXX_LANGUAGE_STANDARD = "gnu++0x";
				CLANG_CXX_LIBRARY = "libc++";
				CLANG_ENABLE_OBJC_ARC = YES;
				CLANG_WARN_BOOL_CONVERSION = YES;
				CLANG_WARN_CONSTANT_CONVERSION = YES;
				CLANG_WARN_DIRECT_OBJC_ISA_USAGE = YES_ERROR;
				CLANG_WARN_EMPTY_BODY = YES;
				CLANG_WARN_ENUM_CONVERSION = YES;
				CLANG_WARN_INT_CONVERSION = YES;
				CLANG_WARN_OBJC_ROOT_CLASS = YES_ERROR;
				CLANG_WARN__DUPLICATE_METHOD_MATCH = YES;
				COPY_PHASE_STRIP = YES;
				DEBUG_INFORMATION_FORMAT = "dwarf-with-dsym";
				ENABLE_NS_ASSERTIONS = NO;
				GCC_C_LANGUAGE_STANDARD = gnu99;
				GCC_ENABLE_OBJC_EXCEPTIONS = YES;
				GCC_WARN_64_TO_32_BIT_CONVERSION = YES;
				GCC_WARN_ABOUT_RETURN_TYPE = YES_ERROR;
				GCC_WARN_UNDECLARED_SELECTOR = YES;
				GCC_WARN_UNINITIALIZED_AUTOS = YES;
				GCC_WARN_UNUSED_FUNCTION = YES;
				GCC_WARN_UNUSED_VARIABLE = YES;
				MACOSX_DEPLOYMENT_TARGET = 10.8;
				SDKROOT = macosx;
			};
			name = Release;
		};
		528B26141B33584000849A91 /* Debug */ = {
			isa = XCBuildConfiguration;
			buildSettings = {
				ASSETCATALOG_COMPILER_APPICON_NAME = AppIcon;
				COMBINE_HIDPI_IMAGES = YES;
				FRAMEWORK_SEARCH_PATHS = (
					"$(inherited)",
					"$(LOCAL_LIBRARY_DIR)/Frameworks",
					../frameworks/sdl2,
					../goatattack,
				);
				GCC_PRECOMPILE_PREFIX_HEADER = YES;
				GCC_PREFIX_HEADER = "goatattack/Goat Attack-Prefix.pch";
				GCC_PREPROCESSOR_DEFINITIONS = (
					__unix__,
					"DEBUG=1",
				);
				GCC_WARN_64_TO_32_BIT_CONVERSION = NO;
				INFOPLIST_FILE = "goatattack/Goat Attack-Info.plist";
				LD_RUNPATH_SEARCH_PATHS = "$(inherited) @executable_path/Frameworks @executable_path/../Frameworks";
				LIBRARY_SEARCH_PATHS = (
					"$(inherited)",
					../frameworks/libpng,
					"../frameworks/**",
					../goatattack,
				);
				MACOSX_DEPLOYMENT_TARGET = 10.7;
				PRODUCT_BUNDLE_IDENTIFIER = "net.goatattack.${PRODUCT_NAME:rfc1034identifier}";
				PRODUCT_NAME = "Goat Attack";
				STRIP_INSTALLED_PRODUCT = NO;
				WRAPPER_EXTENSION = app;
			};
			name = Debug;
		};
		528B26151B33584000849A91 /* Release */ = {
			isa = XCBuildConfiguration;
			buildSettings = {
				ASSETCATALOG_COMPILER_APPICON_NAME = AppIcon;
				COMBINE_HIDPI_IMAGES = YES;
				COPY_PHASE_STRIP = NO;
				FRAMEWORK_SEARCH_PATHS = (
					"$(inherited)",
					"$(LOCAL_LIBRARY_DIR)/Frameworks",
					../frameworks/sdl2,
					../goatattack,
				);
				GCC_PRECOMPILE_PREFIX_HEADER = YES;
				GCC_PREFIX_HEADER = "goatattack/Goat Attack-Prefix.pch";
				GCC_PREPROCESSOR_DEFINITIONS = __unix__;
				GCC_WARN_64_TO_32_BIT_CONVERSION = NO;
				INFOPLIST_FILE = "goatattack/Goat Attack-Info.plist";
				LD_RUNPATH_SEARCH_PATHS = "$(inherited) @executable_path/Frameworks @executable_path/../Frameworks";
				LIBRARY_SEARCH_PATHS = (
					"$(inherited)",
					../frameworks/libpng,
					"../frameworks/**",
					../goatattack,
				);
				MACOSX_DEPLOYMENT_TARGET = 10.7;
				PRODUCT_BUNDLE_IDENTIFIER = "net.goatattack.${PRODUCT_NAME:rfc1034identifier}";
				PRODUCT_NAME = "Goat Attack";
				STRIP_INSTALLED_PRODUCT = NO;
				WRAPPER_EXTENSION = app;
			};
			name = Release;
		};
/* End XCBuildConfiguration section */

/* Begin XCConfigurationList section */
		528B25DD1B33584000849A91 /* Build configuration list for PBXProject "Goat Attack" */ = {
			isa = XCConfigurationList;
			buildConfigurations = (
				528B26111B33584000849A91 /* Debug */,
				528B26121B33584000849A91 /* Release */,
			);
			defaultConfigurationIsVisible = 0;
			defaultConfigurationName = Release;
		};
		528B26131B33584000849A91 /* Build configuration list for PBXNativeTarget "Goat Attack" */ = {
			isa = XCConfigurationList;
			buildConfigurations = (
				528B26141B33584000849A91 /* Debug */,
				528B26151B33584000849A91 /* Release */,
			);
			defaultConfigurationIsVisible = 0;
			defaultConfigurationName = Release;
		};
/* End XCConfigurationList section */
	};
	rootObject = 528B25DA1B33584000849A91 /* Project object */;
}
