
Microsoft Visual Studio Solution File, Format Version 12.00
# Visual Studio 2013
VisualStudioVersion = 12.0.31101.0
MinimumVisualStudioVersion = 10.0.40219.1
Project("{8BC9CEB8-8B4A-11D0-8D11-00A0C91BC942}") = "GoatAttack", "GoatAttack\GoatAttack.vcxproj", "{B85F1BF7-7970-4C6D-AFC0-AEBB3475A487}"
EndProject
Project("{8BC9CEB8-8B4A-11D0-8D11-00A0C91BC942}") = "MapEditor", "MapEditor\MapEditor.vcxproj", "{2B8DF22A-DCDE-4ADC-9489-C90560EB7320}"
EndProject
Global
	GlobalSection(SolutionConfigurationPlatforms) = preSolution
		Debug (ded)|Mixed Platforms = Debug (ded)|Mixed Platforms
		Debug (ded)|Win32 = Debug (ded)|Win32
		Debug (ded)|x86 = Debug (ded)|x86
		Debug|Mixed Platforms = Debug|Mixed Platforms
		Debug|Win32 = Debug|Win32
		Debug|x86 = Debug|x86
		Release|Mixed Platforms = Release|Mixed Platforms
		Release|Win32 = Release|Win32
		Release|x86 = Release|x86
	EndGlobalSection
	GlobalSection(ProjectConfigurationPlatforms) = postSolution
		{B85F1BF7-7970-4C6D-AFC0-AEBB3475A487}.Debug (ded)|Mixed Platforms.ActiveCfg = Debug (ded)|Win32
		{B85F1BF7-7970-4C6D-AFC0-AEBB3475A487}.Debug (ded)|Mixed Platforms.Build.0 = Debug (ded)|Win32
		{B85F1BF7-7970-4C6D-AFC0-AEBB3475A487}.Debug (ded)|Win32.ActiveCfg = Debug (ded)|Win32
		{B85F1BF7-7970-4C6D-AFC0-AEBB3475A487}.Debug (ded)|Win32.Build.0 = Debug (ded)|Win32
		{B85F1BF7-7970-4C6D-AFC0-AEBB3475A487}.Debug (ded)|x86.ActiveCfg = Debug (ded)|Win32
		{B85F1BF7-7970-4C6D-AFC0-AEBB3475A487}.Debug (ded)|x86.Build.0 = Debug (ded)|Win32
		{B85F1BF7-7970-4C6D-AFC0-AEBB3475A487}.Debug|Mixed Platforms.ActiveCfg = Debug|Win32
		{B85F1BF7-7970-4C6D-AFC0-AEBB3475A487}.Debug|Mixed Platforms.Build.0 = Debug|Win32
		{B85F1BF7-7970-4C6D-AFC0-AEBB3475A487}.Debug|Win32.ActiveCfg = Debug|Win32
		{B85F1BF7-7970-4C6D-AFC0-AEBB3475A487}.Debug|Win32.Build.0 = Debug|Win32
		{B85F1BF7-7970-4C6D-AFC0-AEBB3475A487}.Debug|x86.ActiveCfg = Debug|Win32
		{B85F1BF7-7970-4C6D-AFC0-AEBB3475A487}.Debug|x86.Build.0 = Debug|Win32
		{B85F1BF7-7970-4C6D-AFC0-AEBB3475A487}.Release|Mixed Platforms.ActiveCfg = Release|Win32
		{B85F1BF7-7970-4C6D-AFC0-AEBB3475A487}.Release|Mixed Platforms.Build.0 = Release|Win32
		{B85F1BF7-7970-4C6D-AFC0-AEBB3475A487}.Release|Win32.ActiveCfg = Release|Win32
		{B85F1BF7-7970-4C6D-AFC0-AEBB3475A487}.Release|Win32.Build.0 = Release|Win32
		{B85F1BF7-7970-4C6D-AFC0-AEBB3475A487}.Release|x86.ActiveCfg = Release|Win32
		{B85F1BF7-7970-4C6D-AFC0-AEBB3475A487}.Release|x86.Build.0 = Release|Win32
		{2B8DF22A-DCDE-4ADC-9489-C90560EB7320}.Debug (ded)|Mixed Platforms.ActiveCfg = Debug|Win32
		{2B8DF22A-DCDE-4ADC-9489-C90560EB7320}.Debug (ded)|Mixed Platforms.Build.0 = Debug|Win32
		{2B8DF22A-DCDE-4ADC-9489-C90560EB7320}.Debug (ded)|Win32.ActiveCfg = Debug|Win32
		{2B8DF22A-DCDE-4ADC-9489-C90560EB7320}.Debug (ded)|Win32.Build.0 = Debug|Win32
		{2B8DF22A-DCDE-4ADC-9489-C90560EB7320}.Debug (ded)|x86.ActiveCfg = Debug|Win32
		{2B8DF22A-DCDE-4ADC-9489-C90560EB7320}.Debug (ded)|x86.Build.0 = Debug|Win32
		{2B8DF22A-DCDE-4ADC-9489-C90560EB7320}.Debug|Mixed Platforms.ActiveCfg = Debug|Win32
		{2B8DF22A-DCDE-4ADC-9489-C90560EB7320}.Debug|Mixed Platforms.Build.0 = Debug|Win32
		{2B8DF22A-DCDE-4ADC-9489-C90560EB7320}.Debug|Win32.ActiveCfg = Debug|Win32
		{2B8DF22A-DCDE-4ADC-9489-C90560EB7320}.Debug|Win32.Build.0 = Debug|Win32
		{2B8DF22A-DCDE-4ADC-9489-C90560EB7320}.Debug|x86.ActiveCfg = Debug|Win32
		{2B8DF22A-DCDE-4ADC-9489-C90560EB7320}.Debug|x86.Build.0 = Debug|Win32
		{2B8DF22A-DCDE-4ADC-9489-C90560EB7320}.Release|Mixed Platforms.ActiveCfg = Release|Win32
		{2B8DF22A-DCDE-4ADC-9489-C90560EB7320}.Release|Mixed Platforms.Build.0 = Release|Win32
		{2B8DF22A-DCDE-4ADC-9489-C90560EB7320}.Release|Win32.ActiveCfg = Release|Win32
		{2B8DF22A-DCDE-4ADC-9489-C90560EB7320}.Release|Win32.Build.0 = Release|Win32
		{2B8DF22A-DCDE-4ADC-9489-C90560EB7320}.Release|x86.ActiveCfg = Release|Win32
		{2B8DF22A-DCDE-4ADC-9489-C90560EB7320}.Release|x86.Build.0 = Release|Win32
	EndGlobalSection
	GlobalSection(SolutionProperties) = preSolution
		HideSolutionNode = FALSE
	EndGlobalSection
EndGlobal
