<?xml version="1.0" encoding="utf-8"?>
<Project ToolsVersion="4.0" xmlns="http://schemas.microsoft.com/developer/msbuild/2003">
  <ItemGroup>
    <Filter Include="Ressourcendateien">
      <UniqueIdentifier>{67DA6AB6-F800-4c08-8B7A-83BB121AAD01}</UniqueIdentifier>
      <Extensions>rc;ico;cur;bmp;dlg;rc2;rct;bin;rgs;gif;jpg;jpeg;jpe;resx;tiff;tif;png;wav;mfcribbon-ms</Extensions>
    </Filter>
    <Filter Include="shared">
      <UniqueIdentifier>{ae798831-b88e-4418-8576-01e67f0630ac}</UniqueIdentifier>
    </Filter>
    <Filter Include="shared\src">
      <UniqueIdentifier>{495a7968-5a86-4858-bfc0-580de7509837}</UniqueIdentifier>
    </Filter>
    <Filter Include="game">
      <UniqueIdentifier>{78cb89f8-890a-4058-af45-e5c0a0b20309}</UniqueIdentifier>
    </Filter>
    <Filter Include="game\src">
      <UniqueIdentifier>{4FC737F1-C7A5-4376-A066-2A32D752A2FF}</UniqueIdentifier>
      <Extensions>cpp;c;cc;cxx;def;odl;idl;hpj;bat;asm;asmx</Extensions>
    </Filter>
    <Filter Include="win">
      <UniqueIdentifier>{9da59d34-8687-4c99-a792-a10557e9eadc}</UniqueIdentifier>
    </Filter>
    <Filter Include="shared\zlib">
      <UniqueIdentifier>{1f692a6b-2409-41b3-b253-588e8dd327af}</UniqueIdentifier>
    </Filter>
    <Filter Include="game\include">
      <UniqueIdentifier>{93995380-89BD-4b04-88EB-625FBE52EBFB}</UniqueIdentifier>
      <Extensions>h;hh;hpp;hxx;hm;inl;inc;xsd</Extensions>
    </Filter>
    <Filter Include="shared\include">
      <UniqueIdentifier>{154ed6c6-6d30-4446-b2fd-0e12706b2876}</UniqueIdentifier>
    </Filter>
  </ItemGroup>
  <ItemGroup>
    <ClCompile Include="..\..\..\src\shared\src\AABB.cpp">
      <Filter>shared\src</Filter>
    </ClCompile>
    <ClCompile Include="..\..\..\src\shared\src\Animation.cpp">
      <Filter>shared\src</Filter>
    </ClCompile>
    <ClCompile Include="..\..\..\src\shared\src\Audio.cpp">
      <Filter>shared\src</Filter>
    </ClCompile>
    <ClCompile Include="..\..\..\src\shared\src\AudioNull.cpp">
      <Filter>shared\src</Filter>
    </ClCompile>
    <ClCompile Include="..\..\..\src\shared\src\AudioSDL.cpp">
      <Filter>shared\src</Filter>
    </ClCompile>
    <ClCompile Include="..\..\..\src\shared\src\Background.cpp">
      <Filter>shared\src</Filter>
    </ClCompile>
    <ClCompile Include="..\..\..\src\shared\src\Characterset.cpp">
      <Filter>shared\src</Filter>
    </ClCompile>
    <ClCompile Include="..\..\..\src\shared\src\Configuration.cpp">
      <Filter>shared\src</Filter>
    </ClCompile>
    <ClCompile Include="..\..\..\src\shared\src\Directory.cpp">
      <Filter>shared\src</Filter>
    </ClCompile>
    <ClCompile Include="..\..\..\src\shared\src\Exception.cpp">
      <Filter>shared\src</Filter>
    </ClCompile>
    <ClCompile Include="..\..\..\src\shared\src\Font.cpp">
      <Filter>shared\src</Filter>
    </ClCompile>
    <ClCompile Include="..\..\..\src\shared\src\Globals.cpp">
      <Filter>shared\src</Filter>
    </ClCompile>
    <ClCompile Include="..\..\..\src\shared\src\Gui.cpp">
      <Filter>shared\src</Filter>
    </ClCompile>
    <ClCompile Include="..\..\..\src\shared\src\GuiObject.cpp">
      <Filter>shared\src</Filter>
    </ClCompile>
    <ClCompile Include="..\..\..\src\shared\src\Icon.cpp">
      <Filter>shared\src</Filter>
    </ClCompile>
    <ClCompile Include="..\..\..\src\shared\src\KeyValue.cpp">
      <Filter>shared\src</Filter>
    </ClCompile>
    <ClCompile Include="..\..\..\src\shared\src\Lightmap.cpp">
      <Filter>shared\src</Filter>
    </ClCompile>
    <ClCompile Include="..\..\..\src\shared\src\Map.cpp">
      <Filter>shared\src</Filter>
    </ClCompile>
    <ClCompile Include="..\..\..\src\shared\src\Movable.cpp">
      <Filter>shared\src</Filter>
    </ClCompile>
    <ClCompile Include="..\..\..\src\shared\src\Music.cpp">
      <Filter>shared\src</Filter>
    </ClCompile>
    <ClCompile Include="..\..\..\src\shared\src\Mutex.cpp">
      <Filter>shared\src</Filter>
    </ClCompile>
    <ClCompile Include="..\..\..\src\shared\src\NPC.cpp">
      <Filter>shared\src</Filter>
    </ClCompile>
    <ClCompile Include="..\..\..\src\shared\src\Object.cpp">
      <Filter>shared\src</Filter>
    </ClCompile>
    <ClCompile Include="..\..\..\src\shared\src\PNG.cpp">
      <Filter>shared\src</Filter>
    </ClCompile>
    <ClCompile Include="..\..\..\src\shared\src\Properties.cpp">
      <Filter>shared\src</Filter>
    </ClCompile>
    <ClCompile Include="..\..\..\src\shared\src\Resources.cpp">
      <Filter>shared\src</Filter>
    </ClCompile>
    <ClCompile Include="..\..\..\src\shared\src\Sound.cpp">
      <Filter>shared\src</Filter>
    </ClCompile>
    <ClCompile Include="..\..\..\src\shared\src\Subsystem.cpp">
      <Filter>shared\src</Filter>
    </ClCompile>
    <ClCompile Include="..\..\..\src\shared\src\SubsystemNull.cpp">
      <Filter>shared\src</Filter>
    </ClCompile>
    <ClCompile Include="..\..\..\src\shared\src\SubsystemSDL.cpp">
      <Filter>shared\src</Filter>
    </ClCompile>
    <ClCompile Include="..\..\..\src\shared\src\TCPSocket.cpp">
      <Filter>shared\src</Filter>
    </ClCompile>
    <ClCompile Include="..\..\..\src\shared\src\Thread.cpp">
      <Filter>shared\src</Filter>
    </ClCompile>
    <ClCompile Include="..\..\..\src\shared\src\Tile.cpp">
      <Filter>shared\src</Filter>
    </ClCompile>
    <ClCompile Include="..\..\..\src\shared\src\TileGraphic.cpp">
      <Filter>shared\src</Filter>
    </ClCompile>
    <ClCompile Include="..\..\..\src\shared\src\TileGraphicGL.cpp">
      <Filter>shared\src</Filter>
    </ClCompile>
    <ClCompile Include="..\..\..\src\shared\src\TileGraphicNull.cpp">
      <Filter>shared\src</Filter>
    </ClCompile>
    <ClCompile Include="..\..\..\src\shared\src\Tileset.cpp">
      <Filter>shared\src</Filter>
    </ClCompile>
    <ClCompile Include="..\..\..\src\shared\src\Timing.cpp">
      <Filter>shared\src</Filter>
    </ClCompile>
    <ClCompile Include="..\..\..\src\shared\src\UDPSocket.cpp">
      <Filter>shared\src</Filter>
    </ClCompile>
    <ClCompile Include="..\..\..\src\shared\src\Utils.cpp">
      <Filter>shared\src</Filter>
    </ClCompile>
    <ClCompile Include="..\..\..\src\shared\src\ZIP.cpp">
      <Filter>shared\src</Filter>
    </ClCompile>
    <ClCompile Include="..\..\..\src\Engine\src\Client.cpp">
      <Filter>game\src</Filter>
    </ClCompile>
    <ClCompile Include="..\..\..\src\Engine\src\ClientEvent.cpp">
      <Filter>game\src</Filter>
    </ClCompile>
    <ClCompile Include="..\..\..\src\Engine\src\ClientServer.cpp">
      <Filter>game\src</Filter>
    </ClCompile>
    <ClCompile Include="..\..\..\src\Engine\src\Game.cpp">
      <Filter>game\src</Filter>
    </ClCompile>
    <ClCompile Include="..\..\..\src\Engine\src\KeyBinding.cpp">
      <Filter>game\src</Filter>
    </ClCompile>
    <ClCompile Include="..\..\..\src\Engine\src\LANBroadcaster.cpp">
      <Filter>game\src</Filter>
    </ClCompile>
    <ClCompile Include="..\..\..\src\Engine\src\MainMenu.cpp">
      <Filter>game\src</Filter>
    </ClCompile>
    <ClCompile Include="..\..\..\src\Engine\src\MasterQuery.cpp">
      <Filter>game\src</Filter>
    </ClCompile>
    <ClCompile Include="..\..\..\src\Engine\src\MasterQueryClient.cpp">
      <Filter>game\src</Filter>
    </ClCompile>
    <ClCompile Include="..\..\..\src\Engine\src\MessageSequencer.cpp">
      <Filter>game\src</Filter>
    </ClCompile>
    <ClCompile Include="..\..\..\src\Engine\src\OptionsMenu.cpp">
      <Filter>game\src</Filter>
    </ClCompile>
    <ClCompile Include="..\..\..\src\Engine\src\Player.cpp">
      <Filter>game\src</Filter>
    </ClCompile>
    <ClCompile Include="..\..\..\src\Engine\src\Server.cpp">
      <Filter>game\src</Filter>
    </ClCompile>
    <ClCompile Include="..\..\..\src\Engine\src\Tournament.cpp">
      <Filter>game\src</Filter>
    </ClCompile>
    <ClCompile Include="..\..\..\src\Engine\src\TournamentCTF.cpp">
      <Filter>game\src</Filter>
    </ClCompile>
    <ClCompile Include="..\..\..\src\Engine\src\TournamentDM.cpp">
      <Filter>game\src</Filter>
    </ClCompile>
    <ClCompile Include="..\..\..\src\Engine\src\TournamentDraw.cpp">
      <Filter>game\src</Filter>
    </ClCompile>
    <ClCompile Include="..\..\..\src\Engine\src\TournamentFactory.cpp">
      <Filter>game\src</Filter>
    </ClCompile>
    <ClCompile Include="..\..\..\src\Engine\src\TournamentNPC.cpp">
      <Filter>game\src</Filter>
    </ClCompile>
    <ClCompile Include="..\..\..\src\Engine\src\TournamentPhysics.cpp">
      <Filter>game\src</Filter>
    </ClCompile>
    <ClCompile Include="..\..\..\src\Engine\src\TournamentSpectator.cpp">
      <Filter>game\src</Filter>
    </ClCompile>
    <ClCompile Include="..\..\..\src\Engine\src\TournamentStates.cpp">
      <Filter>game\src</Filter>
    </ClCompile>
    <ClCompile Include="..\..\..\src\Engine\src\TournamentTDM.cpp">
      <Filter>game\src</Filter>
    </ClCompile>
    <ClCompile Include="..\..\..\src\Engine\src\TournamentTeam.cpp">
      <Filter>game\src</Filter>
    </ClCompile>
    <ClCompile Include="..\..\..\src\Engine\src\TournamentWeapons.cpp">
      <Filter>game\src</Filter>
    </ClCompile>
    <ClCompile Include="..\..\..\src\Engine\main.cpp">
      <Filter>game</Filter>
    </ClCompile>
    <ClCompile Include="..\..\..\src\shared\zlib\adler32.c">
      <Filter>shared\zlib</Filter>
    </ClCompile>
    <ClCompile Include="..\..\..\src\shared\zlib\crc32.c">
      <Filter>shared\zlib</Filter>
    </ClCompile>
    <ClCompile Include="..\..\..\src\shared\zlib\inffast.c">
      <Filter>shared\zlib</Filter>
    </ClCompile>
    <ClCompile Include="..\..\..\src\shared\zlib\inflate.c">
      <Filter>shared\zlib</Filter>
    </ClCompile>
    <ClCompile Include="..\..\..\src\shared\zlib\inftrees.c">
      <Filter>shared\zlib</Filter>
    </ClCompile>
    <ClCompile Include="..\..\..\src\shared\zlib\zutil.c">
      <Filter>shared\zlib</Filter>
    </ClCompile>
    <ClCompile Include="..\..\..\src\Engine\src\TournamentCTC.cpp">
      <Filter>game\src</Filter>
    </ClCompile>
    <ClCompile Include="..\..\..\src\Engine\src\TournamentSR.cpp">
      <Filter>game\src</Filter>
    </ClCompile>
    <ClCompile Include="..\..\..\src\Engine\src\TournamentGOH.cpp">
      <Filter>game\src</Filter>
    </ClCompile>
    <ClCompile Include="..\..\..\src\shared\src\SHA256.cpp">
      <Filter>shared\src</Filter>
    </ClCompile>
    <ClCompile Include="..\..\..\src\shared\src\ZipReader.cpp">
      <Filter>shared\src</Filter>
    </ClCompile>
    <ClCompile Include="..\..\..\src\shared\src\ZipWriter.cpp">
      <Filter>shared\src</Filter>
    </ClCompile>
    <ClCompile Include="..\..\..\src\Engine\src\ButtonNavigator.cpp">
      <Filter>game\src</Filter>
    </ClCompile>
    <ClCompile Include="..\..\..\src\Engine\src\GameserverInformation.cpp">
      <Filter>game\src</Filter>
    </ClCompile>
    <ClCompile Include="..\..\..\src\Engine\src\MapConfiguration.cpp">
      <Filter>game\src</Filter>
    </ClCompile>
    <ClCompile Include="..\..\..\src\Engine\src\ServerAdmin.cpp">
      <Filter>game\src</Filter>
    </ClCompile>
    <ClCompile Include="..\..\..\src\Engine\src\ServerLogger.cpp">
      <Filter>game\src</Filter>
    </ClCompile>
  </ItemGroup>
  <ItemGroup>
    <ClInclude Include="..\..\Win.hpp">
      <Filter>win</Filter>
    </ClInclude>
    <ClInclude Include="..\..\..\src\shared\include\AABB.hpp">
      <Filter>shared\include</Filter>
    </ClInclude>
    <ClInclude Include="..\..\..\src\shared\include\Animation.hpp">
      <Filter>shared\include</Filter>
    </ClInclude>
    <ClInclude Include="..\..\..\src\shared\include\Audio.hpp">
      <Filter>shared\include</Filter>
    </ClInclude>
    <ClInclude Include="..\..\..\src\shared\include\AudioNull.hpp">
      <Filter>shared\include</Filter>
    </ClInclude>
    <ClInclude Include="..\..\..\src\shared\include\AudioSDL.hpp">
      <Filter>shared\include</Filter>
    </ClInclude>
    <ClInclude Include="..\..\..\src\shared\include\Background.hpp">
      <Filter>shared\include</Filter>
    </ClInclude>
    <ClInclude Include="..\..\..\src\shared\include\Characterset.hpp">
      <Filter>shared\include</Filter>
    </ClInclude>
    <ClInclude Include="..\..\..\src\shared\include\Configuration.hpp">
      <Filter>shared\include</Filter>
    </ClInclude>
    <ClInclude Include="..\..\..\src\shared\include\Directory.hpp">
      <Filter>shared\include</Filter>
    </ClInclude>
    <ClInclude Include="..\..\..\src\shared\include\Exception.hpp">
      <Filter>shared\include</Filter>
    </ClInclude>
    <ClInclude Include="..\..\..\src\shared\include\Font.hpp">
      <Filter>shared\include</Filter>
    </ClInclude>
    <ClInclude Include="..\..\..\src\shared\include\Globals.hpp">
      <Filter>shared\include</Filter>
    </ClInclude>
    <ClInclude Include="..\..\..\src\shared\include\Gui.hpp">
      <Filter>shared\include</Filter>
    </ClInclude>
    <ClInclude Include="..\..\..\src\shared\include\GuiObject.hpp">
      <Filter>shared\include</Filter>
    </ClInclude>
    <ClInclude Include="..\..\..\src\shared\include\Icon.hpp">
      <Filter>shared\include</Filter>
    </ClInclude>
    <ClInclude Include="..\..\..\src\shared\include\KeyValue.hpp">
      <Filter>shared\include</Filter>
    </ClInclude>
    <ClInclude Include="..\..\..\src\shared\include\Lightmap.hpp">
      <Filter>shared\include</Filter>
    </ClInclude>
    <ClInclude Include="..\..\..\src\shared\include\Map.hpp">
      <Filter>shared\include</Filter>
    </ClInclude>
    <ClInclude Include="..\..\..\src\shared\include\Movable.hpp">
      <Filter>shared\include</Filter>
    </ClInclude>
    <ClInclude Include="..\..\..\src\shared\include\Music.hpp">
      <Filter>shared\include</Filter>
    </ClInclude>
    <ClInclude Include="..\..\..\src\shared\include\Mutex.hpp">
      <Filter>shared\include</Filter>
    </ClInclude>
    <ClInclude Include="..\..\..\src\shared\include\NPC.hpp">
      <Filter>shared\include</Filter>
    </ClInclude>
    <ClInclude Include="..\..\..\src\shared\include\Object.hpp">
      <Filter>shared\include</Filter>
    </ClInclude>
    <ClInclude Include="..\..\..\src\shared\include\PNG.hpp">
      <Filter>shared\include</Filter>
    </ClInclude>
    <ClInclude Include="..\..\..\src\shared\include\Properties.hpp">
      <Filter>shared\include</Filter>
    </ClInclude>
    <ClInclude Include="..\..\..\src\shared\include\Resources.hpp">
      <Filter>shared\include</Filter>
    </ClInclude>
    <ClInclude Include="..\..\..\src\shared\include\ScopeAllocator.hpp">
      <Filter>shared\include</Filter>
    </ClInclude>
    <ClInclude Include="..\..\..\src\shared\include\ScopeCollector.hpp">
      <Filter>shared\include</Filter>
    </ClInclude>
    <ClInclude Include="..\..\..\src\shared\include\Sound.hpp">
      <Filter>shared\include</Filter>
    </ClInclude>
    <ClInclude Include="..\..\..\src\shared\include\Subsystem.hpp">
      <Filter>shared\include</Filter>
    </ClInclude>
    <ClInclude Include="..\..\..\src\shared\include\SubsystemNull.hpp">
      <Filter>shared\include</Filter>
    </ClInclude>
    <ClInclude Include="..\..\..\src\shared\include\SubsystemSDL.hpp">
      <Filter>shared\include</Filter>
    </ClInclude>
    <ClInclude Include="..\..\..\src\shared\include\TCPSocket.hpp">
      <Filter>shared\include</Filter>
    </ClInclude>
    <ClInclude Include="..\..\..\src\shared\include\Thread.hpp">
      <Filter>shared\include</Filter>
    </ClInclude>
    <ClInclude Include="..\..\..\src\shared\include\Tile.hpp">
      <Filter>shared\include</Filter>
    </ClInclude>
    <ClInclude Include="..\..\..\src\shared\include\TileGraphic.hpp">
      <Filter>shared\include</Filter>
    </ClInclude>
    <ClInclude Include="..\..\..\src\shared\include\TileGraphicGL.hpp">
      <Filter>shared\include</Filter>
    </ClInclude>
    <ClInclude Include="..\..\..\src\shared\include\TileGraphicNull.hpp">
      <Filter>shared\include</Filter>
    </ClInclude>
    <ClInclude Include="..\..\..\src\shared\include\Tileset.hpp">
      <Filter>shared\include</Filter>
    </ClInclude>
    <ClInclude Include="..\..\..\src\shared\include\Timing.hpp">
      <Filter>shared\include</Filter>
    </ClInclude>
    <ClInclude Include="..\..\..\src\shared\include\UDPSocket.hpp">
      <Filter>shared\include</Filter>
    </ClInclude>
    <ClInclude Include="..\..\..\src\shared\include\Utils.hpp">
      <Filter>shared\include</Filter>
    </ClInclude>
    <ClInclude Include="..\..\..\src\shared\include\ZIP.hpp">
      <Filter>shared\include</Filter>
    </ClInclude>
    <ClInclude Include="..\..\..\src\Engine\include\Client.hpp">
      <Filter>game\include</Filter>
    </ClInclude>
    <ClInclude Include="..\..\..\src\Engine\include\ClientServer.hpp">
      <Filter>game\include</Filter>
    </ClInclude>
    <ClInclude Include="..\..\..\src\Engine\include\Game.hpp">
      <Filter>game\include</Filter>
    </ClInclude>
    <ClInclude Include="..\..\..\src\Engine\include\GameProtocol.hpp">
      <Filter>game\include</Filter>
    </ClInclude>
    <ClInclude Include="..\..\..\src\Engine\include\KeyBinding.hpp">
      <Filter>game\include</Filter>
    </ClInclude>
    <ClInclude Include="..\..\..\src\Engine\include\LANBroadcaster.hpp">
      <Filter>game\include</Filter>
    </ClInclude>
    <ClInclude Include="..\..\..\src\Engine\include\MainMenu.hpp">
      <Filter>game\include</Filter>
    </ClInclude>
    <ClInclude Include="..\..\..\src\Engine\include\MasterQuery.hpp">
      <Filter>game\include</Filter>
    </ClInclude>
    <ClInclude Include="..\..\..\src\Engine\include\MasterQueryClient.hpp">
      <Filter>game\include</Filter>
    </ClInclude>
    <ClInclude Include="..\..\..\src\Engine\include\MessageSequencer.hpp">
      <Filter>game\include</Filter>
    </ClInclude>
    <ClInclude Include="..\..\..\src\Engine\include\OptionsMenu.hpp">
      <Filter>game\include</Filter>
    </ClInclude>
    <ClInclude Include="..\..\..\src\Engine\include\Player.hpp">
      <Filter>game\include</Filter>
    </ClInclude>
    <ClInclude Include="..\..\..\src\Engine\include\Protocol.hpp">
      <Filter>game\include</Filter>
    </ClInclude>
    <ClInclude Include="..\..\..\src\Engine\include\Server.hpp">
      <Filter>game\include</Filter>
    </ClInclude>
    <ClInclude Include="..\..\..\src\Engine\include\Tournament.hpp">
      <Filter>game\include</Filter>
    </ClInclude>
    <ClInclude Include="..\..\..\src\Engine\include\TournamentCTF.hpp">
      <Filter>game\include</Filter>
    </ClInclude>
    <ClInclude Include="..\..\..\src\Engine\include\TournamentDM.hpp">
      <Filter>game\include</Filter>
    </ClInclude>
    <ClInclude Include="..\..\..\src\Engine\include\TournamentFactory.hpp">
      <Filter>game\include</Filter>
    </ClInclude>
    <ClInclude Include="..\..\..\src\Engine\include\TournamentTDM.hpp">
      <Filter>game\include</Filter>
    </ClInclude>
    <ClInclude Include="..\..\..\src\Engine\include\TournamentTeam.hpp">
      <Filter>game\include</Filter>
    </ClInclude>
    <ClInclude Include="..\..\..\src\shared\zlib\crc32.h">
      <Filter>shared\zlib</Filter>
    </ClInclude>
    <ClInclude Include="..\..\..\src\shared\zlib\gzguts.h">
      <Filter>shared\zlib</Filter>
    </ClInclude>
    <ClInclude Include="..\..\..\src\shared\zlib\inffast.h">
      <Filter>shared\zlib</Filter>
    </ClInclude>
    <ClInclude Include="..\..\..\src\shared\zlib\inffixed.h">
      <Filter>shared\zlib</Filter>
    </ClInclude>
    <ClInclude Include="..\..\..\src\shared\zlib\inflate.h">
      <Filter>shared\zlib</Filter>
    </ClInclude>
    <ClInclude Include="..\..\..\src\shared\zlib\inftrees.h">
      <Filter>shared\zlib</Filter>
    </ClInclude>
    <ClInclude Include="..\..\..\src\shared\zlib\zconf.h">
      <Filter>shared\zlib</Filter>
    </ClInclude>
    <ClInclude Include="..\..\..\src\shared\zlib\zlib.h">
      <Filter>shared\zlib</Filter>
    </ClInclude>
    <ClInclude Include="..\..\..\src\shared\zlib\zutil.h">
      <Filter>shared\zlib</Filter>
    </ClInclude>
    <ClInclude Include="resource.h">
      <Filter>game\include</Filter>
    </ClInclude>
    <ClInclude Include="..\..\..\src\Engine\include\TournamentCTC.hpp">
      <Filter>game\include</Filter>
    </ClInclude>
    <ClInclude Include="..\..\..\src\Engine\include\TournamentSR.hpp">
      <Filter>game\include</Filter>
    </ClInclude>
    <ClInclude Include="..\..\..\src\Engine\include\TournamentGOH.hpp">
      <Filter>game\include</Filter>
    </ClInclude>
    <ClInclude Include="..\..\..\src\shared\include\SHA256.hpp">
      <Filter>shared\include</Filter>
    </ClInclude>
    <ClInclude Include="..\..\..\src\shared\include\ZipReader.hpp">
      <Filter>shared\include</Filter>
    </ClInclude>
    <ClInclude Include="..\..\..\src\shared\include\ZipWriter.hpp">
      <Filter>shared\include</Filter>
    </ClInclude>
    <ClInclude Include="..\..\..\src\Engine\include\ButtonNavigator.hpp">
      <Filter>game\include</Filter>
    </ClInclude>
    <ClInclude Include="..\..\..\src\Engine\include\GameserverInformation.hpp">
      <Filter>game\include</Filter>
    </ClInclude>
    <ClInclude Include="..\..\..\src\Engine\include\MapConfiguration.hpp">
      <Filter>game\include</Filter>
    </ClInclude>
    <ClInclude Include="..\..\..\src\Engine\include\ServerAdmin.hpp">
      <Filter>game\include</Filter>
    </ClInclude>
    <ClInclude Include="..\..\..\src\Engine\include\ServerLogger.hpp">
      <Filter>game\include</Filter>
    </ClInclude>
  </ItemGroup>
  <ItemGroup>
    <ResourceCompile Include="GoatAttack.rc">
      <Filter>Ressourcendateien</Filter>
    </ResourceCompile>
  </ItemGroup>
  <ItemGroup>
    <Image Include="..\icon.ico">
      <Filter>Ressourcendateien</Filter>
    </Image>
  </ItemGroup>
</Project>